
Microsoft Visual Studio Solution File, Format Version 12.00
# Visual Studio Version 17
VisualStudioVersion = 17.1.32407.343
MinimumVisualStudioVersion = 10.0.40219.1
Project("{2150E333-8FDC-42A3-9474-1A3956D46DE8}") = ".Solution", ".Solution", "{95BAD5E5-2EEF-4E1D-92DB-FFCA642AAE6F}"
EndProject
Project("{2150E333-8FDC-42A3-9474-1A3956D46DE8}") = "1. Quick Start", "1. Quick Start", "{BB40B328-34FB-45E4-8204-A427DF0424AB}"
EndProject
Project("{2150E333-8FDC-42A3-9474-1A3956D46DE8}") = "2. Content", "2. Content", "{6212E19F-2D94-4EE5-9AEF-DACDBB738259}"
EndProject
Project("{2150E333-8FDC-42A3-9474-1A3956D46DE8}") = "3. Delivery", "3. Delivery", "{A54E996F-5876-4595-8E8F-19B64016C2C5}"
EndProject
Project("{9A19103F-16F7-4668-BE54-9A1E7A4F7556}") = "Common", "Common\Common.csproj", "{C9B8EAF7-6926-4A9F-BD70-952201D69AED}"
EndProject
Project("{9A19103F-16F7-4668-BE54-9A1E7A4F7556}") = "Configuration", "Configuration\Configuration.csproj", "{AA8DC97F-783D-4F9B-BDA1-1FDFD77BB9BD}"
EndProject
Project("{9A19103F-16F7-4668-BE54-9A1E7A4F7556}") = "4.0.01-Log-Api", "4. Misc\4.0-Log\4.0.01-Log-Api\4.0.01-Log-Api.csproj", "{14336515-74D3-4759-9885-B01DECF31009}"
EndProject
Project("{9A19103F-16F7-4668-BE54-9A1E7A4F7556}") = "4.0.02-Log-Config", "4. Misc\4.0-Log\4.0.02-Log-Config\4.0.02-Log-Config.csproj", "{CD7EDEE1-1D9B-4EB2-9A7D-2C5193AE47C9}"
EndProject
Project("{9A19103F-16F7-4668-BE54-9A1E7A4F7556}") = "4.1.01-WebSocket-Register", "4. Misc\4.1-WebSocket\4.1.01-WebSocket-Register\4.1.01-WebSocket-Register.csproj", "{BA44AC14-1199-4E53-B95D-950342C0786D}"
EndProject
Project("{2150E333-8FDC-42A3-9474-1A3956D46DE8}") = "3.1-Streaming", "3.1-Streaming", "{28F2211B-7491-47FC-A758-95BF396EE2E8}"
EndProject
Project("{9A19103F-16F7-4668-BE54-9A1E7A4F7556}") = "3.1.01-Streaming-MarketPrice", "3. Delivery\3.1-Streaming\3.1.01-Streaming-MarketPrice\3.1.01-Streaming-MarketPrice.csproj", "{B417964D-BE3C-40A7-B9CA-1D75AFDEAB3D}"
EndProject
Project("{9A19103F-16F7-4668-BE54-9A1E7A4F7556}") = "3.1.02-Streaming-MarketByPrice", "3. Delivery\3.1-Streaming\3.1.02-Streaming-MarketByPrice\3.1.02-Streaming-MarketByPrice.csproj", "{BD4BD1FF-4B37-49B8-82A7-326FA67E4DCF}"
EndProject
Project("{9A19103F-16F7-4668-BE54-9A1E7A4F7556}") = "3.1.03-Streaming-Collection", "3. Delivery\3.1-Streaming\3.1.03-Streaming-Collection\3.1.03-Streaming-Collection.csproj", "{446D6627-7E81-4C13-A350-8FF82908DCF3}"
EndProject
Project("{2150E333-8FDC-42A3-9474-1A3956D46DE8}") = "3.2-Endpoint", "3.2-Endpoint", "{C1379BB7-286D-4AAF-961A-7CC121208945}"
EndProject
Project("{9A19103F-16F7-4668-BE54-9A1E7A4F7556}") = "3.2.01-Endpoint-HistoricalPricing", "3. Delivery\3.2-Endpoint\3.2.01-Endpoint-HistoricalPricing\3.2.01-Endpoint-HistoricalPricing.csproj", "{BD35667E-8C1F-4E27-BEEA-7316EEF56143}"
EndProject
Project("{9A19103F-16F7-4668-BE54-9A1E7A4F7556}") = "3.2.03-Endpoint-Symbology", "3. Delivery\3.2-Endpoint\3.2.03-Endpoint-Symbology\3.2.03-Endpoint-Symbology.csproj", "{D25444D5-CFF6-41AB-A116-B9870367B57A}"
EndProject
Project("{9A19103F-16F7-4668-BE54-9A1E7A4F7556}") = "3.2.02-Endpoing-News Headline and Story", "3. Delivery\3.2-Endpoint\3.2.02-Endpoing-News Headline and Story\3.2.02-Endpoing-News Headline and Story.csproj", "{3B8413EC-5479-45B0-B030-056D6258A869}"
EndProject
Project("{9A19103F-16F7-4668-BE54-9A1E7A4F7556}") = "3.2.05-Endpoint-IPAOption", "3. Delivery\3.2-Endpoint\3.2.05-Endpoint-IPAOption\3.2.05-Endpoint-IPAOption.csproj", "{E7B0C803-EDE3-4E86-BA77-AA1247452288}"
EndProject
Project("{9A19103F-16F7-4668-BE54-9A1E7A4F7556}") = "3.3.01-Queue-NewsHeadlines", "3. Delivery\3.3-Queue\3.3.01-Queue-NewsHeadlines\3.3.01-Queue-NewsHeadlines.csproj", "{E4AE7E0D-4032-4CB8-88D3-5A73D28DC013}"
EndProject
Project("{2150E333-8FDC-42A3-9474-1A3956D46DE8}") = "3.3-Queue", "3.3-Queue", "{1B2AB816-B057-44F5-AE95-50F10538E6E1}"
EndProject
Project("{9A19103F-16F7-4668-BE54-9A1E7A4F7556}") = "3.3.02-Queue-NewsStories", "3. Delivery\3.3-Queue\3.3.02-Queue-NewsStories\3.3.02-Queue-NewsStories.csproj", "{F60EE5C9-A71E-4133-9552-671949BAA40E}"
EndProject
Project("{9A19103F-16F7-4668-BE54-9A1E7A4F7556}") = "3.3.03-Queue-Research", "3. Delivery\3.3-Queue\3.3.03-Queue-Research\3.3.03-Queue-Research.csproj", "{4840932B-6F67-4908-920F-D89BB041337F}"
EndProject
Project("{2150E333-8FDC-42A3-9474-1A3956D46DE8}") = "2.1-HistoricalPricing", "2.1-HistoricalPricing", "{C38CFA9E-2B9A-4319-8821-0B6DB3C40E21}"
EndProject
Project("{9A19103F-16F7-4668-BE54-9A1E7A4F7556}") = "2.1.01-HistoricalPricing-Summaries", "2. Content\2.1-HistoricalPricing\2.1.01-HistoricalPricing-Summaries\2.1.01-HistoricalPricing-Summaries.csproj", "{E5E37DD2-94CA-486B-A24A-BE331B2AA7EC}"
EndProject
Project("{9A19103F-16F7-4668-BE54-9A1E7A4F7556}") = "2.1.02-HistoricalPricing-Events", "2. Content\2.1-HistoricalPricing\2.1.02-HistoricalPricing-Events\2.1.02-HistoricalPricing-Events.csproj", "{F24BF526-714A-47CD-B433-F5102AE57E8B}"
EndProject
Project("{2150E333-8FDC-42A3-9474-1A3956D46DE8}") = "2.2-Pricing", "2.2-Pricing", "{E99F3ECF-9BA2-4DB9-A2C0-7B9F5BB28AF4}"
EndProject
Project("{9A19103F-16F7-4668-BE54-9A1E7A4F7556}") = "2.2.01-Pricing-Snapshot", "2. Content\2.2-Pricing\2.2.01-Pricing-Snapshot\2.2.01-Pricing-Snapshot.csproj", "{908CD9FE-AD98-4B61-8CD1-C7057F7214B5}"
EndProject
Project("{9A19103F-16F7-4668-BE54-9A1E7A4F7556}") = "2.2.03-Pricing-StreamingCache", "2. Content\2.2-Pricing\2.2.03-Pricing-StreamingCache\2.2.03-Pricing-StreamingCache.csproj", "{FF88F541-47BF-4A45-9F67-2B197D20C91A}"
EndProject
Project("{9A19103F-16F7-4668-BE54-9A1E7A4F7556}") = "2.2.04-Pricing-StreamingAddRemove", "2. Content\2.2-Pricing\2.2.04-Pricing-StreamingAddRemove\2.2.04-Pricing-StreamingAddRemove.csproj", "{9315D4D0-BBCF-443E-944C-8ACC342B04D7}"
EndProject
Project("{9A19103F-16F7-4668-BE54-9A1E7A4F7556}") = "2.2.05-Pricing-StreamingEvents", "2. Content\2.2-Pricing\2.2.05-Pricing-StreamingEvents\2.2.05-Pricing-StreamingEvents.csproj", "{1A5D4FE9-636C-4BD3-81B3-E1DBAD3AE76B}"
EndProject
Project("{9A19103F-16F7-4668-BE54-9A1E7A4F7556}") = "2.2.06-Pricing-StreamingChain", "2. Content\2.2-Pricing\2.2.06-Pricing-StreamingChain\2.2.06-Pricing-StreamingChain.csproj", "{94EFECF5-E62C-418F-B6BC-01153D6B9E4C}"
EndProject
Project("{2150E333-8FDC-42A3-9474-1A3956D46DE8}") = "2.3-News", "2.3-News", "{FCD4B6BC-CCA7-42A1-984F-073EE4E03097}"
EndProject
Project("{9A19103F-16F7-4668-BE54-9A1E7A4F7556}") = "2.3.01-News-HeadlinesByCount", "2. Content\2.3-News\2.3.01-News-HeadlinesByCount\2.3.01-News-HeadlinesByCount.csproj", "{A021C2C5-8923-45D1-B101-DE2F053FFA74}"
EndProject
Project("{9A19103F-16F7-4668-BE54-9A1E7A4F7556}") = "2.3.02-News-HeadlinesByDate", "2. Content\2.3-News\2.3.02-News-HeadlinesByDate\2.3.02-News-HeadlinesByDate.csproj", "{81802EF0-AE9D-43E8-AABE-36BBE79D3D9C}"
EndProject
Project("{9A19103F-16F7-4668-BE54-9A1E7A4F7556}") = "2.3.03-News-Story", "2. Content\2.3-News\2.3.03-News-Story\2.3.03-News-Story.csproj", "{93F43D7B-2D33-451D-85B0-7C612CF8A3E7}"
EndProject
Project("{9A19103F-16F7-4668-BE54-9A1E7A4F7556}") = "2.3.04-News-OnlineReports", "2. Content\2.3-News\2.3.04-News-OnlineReports\2.3.04-News-OnlineReports.csproj", "{F79A6930-6953-4C18-9488-4D577C62DD96}"
EndProject
Project("{9A19103F-16F7-4668-BE54-9A1E7A4F7556}") = "2.3.05-News-Image", "2. Content\2.3-News\2.3.05-News-Image\2.3.05-News-Image.csproj", "{7B642CDB-11E3-480E-B9F3-D96ACD8F9057}"
EndProject
Project("{9A19103F-16F7-4668-BE54-9A1E7A4F7556}") = "2.3.06-News-MRN", "2. Content\2.3-News\2.3.06-News-MRN\2.3.06-News-MRN.csproj", "{C45CF126-1595-4972-A0B8-4B4EB01505C3}"
EndProject
Project("{9A19103F-16F7-4668-BE54-9A1E7A4F7556}") = "2.3.07-News-Analyze", "2. Content\2.3-News\2.3.07-News-Analyze\2.3.07-News-Analyze.csproj", "{E256BD8C-3B33-4601-B242-265BB9D59EFD}"
EndProject
Project("{9A19103F-16F7-4668-BE54-9A1E7A4F7556}") = "2.3.08-News-TopNews", "2. Content\2.3-News\2.3.08-News-TopNews\2.3.08-News-TopNews.csproj", "{784DD8CC-6B0E-4A72-A3E2-4857B094CBA9}"
EndProject
Project("{9A19103F-16F7-4668-BE54-9A1E7A4F7556}") = "2.3.09-News-TopNewsHeadlines", "2. Content\2.3-News\2.3.09-News-TopNewsHeadlines\2.3.09-News-TopNewsHeadlines.csproj", "{83F8925C-0733-4361-B786-9A83D521CF08}"
EndProject
Project("{2150E333-8FDC-42A3-9474-1A3956D46DE8}") = "2.4-ESG", "2.4-ESG", "{96AF6690-2E4E-4BFA-B95D-F7CB54C1F7A4}"
EndProject
Project("{9A19103F-16F7-4668-BE54-9A1E7A4F7556}") = "2.4.01-ESG-Universe", "2. Content\2.4-ESG\2.4.01-ESG-Universe\2.4.01-ESG-Universe.csproj", "{620B653A-9A5D-4C7F-A99A-C5F5B25DDB44}"
EndProject
Project("{9A19103F-16F7-4668-BE54-9A1E7A4F7556}") = "2.4.02-ESG-Measures", "2. Content\2.4-ESG\2.4.02-ESG-Measures\2.4.02-ESG-Measures.csproj", "{65370EA2-7344-4313-8F5C-6CF5A5295825}"
EndProject
Project("{2150E333-8FDC-42A3-9474-1A3956D46DE8}") = "2.5-Symbology", "2.5-Symbology", "{A691F9F0-E0BD-4233-A13B-DEA97A06E381}"
EndProject
Project("{9A19103F-16F7-4668-BE54-9A1E7A4F7556}") = "2.5.01-Symbology-Convert", "2. Content\2.5-Symbology\2.5.01-Symbology-Convert\2.5.01-Symbology-Convert.csproj", "{FF2003E4-39FF-4267-A223-7C5F59096F0E}"
EndProject
Project("{2150E333-8FDC-42A3-9474-1A3956D46DE8}") = "2.6-Search", "2.6-Search", "{D7E142D2-9DFE-415A-95F7-DAE42E69221D}"
EndProject
Project("{9A19103F-16F7-4668-BE54-9A1E7A4F7556}") = "2.6.01-SearchService-Search", "2. Content\2.6-Search\2.6.01-SearchService-Search\2.6.01-SearchService-Search.csproj", "{0D087D28-77E7-4655-840E-2FDC330B6487}"
EndProject
Project("{9A19103F-16F7-4668-BE54-9A1E7A4F7556}") = "2.6.02-SearchService-Lookup", "2. Content\2.6-Search\2.6.02-SearchService-Lookup\2.6.02-SearchService-Lookup.csproj", "{8936952B-DCAF-430D-9F45-8BF19C8ACC50}"
EndProject
Project("{9A19103F-16F7-4668-BE54-9A1E7A4F7556}") = "2.6.03-SearchService-MetaData", "2. Content\2.6-Search\2.6.03-SearchService-MetaData\2.6.03-SearchService-MetaData.csproj", "{69635B0E-ABFD-4E0F-AAE3-CE18ED2098EF}"
EndProject
Project("{2150E333-8FDC-42A3-9474-1A3956D46DE8}") = "2.7-IPA", "2.7-IPA", "{5F055153-C9E4-4C91-9A4D-2AFD50999843}"
EndProject
Project("{9A19103F-16F7-4668-BE54-9A1E7A4F7556}") = "2.7.01-IPA-Bond", "2. Content\2.7-IPA\2.7.01-IPA-Bond\2.7.01-IPA-Bond.csproj", "{FF0314C0-F0BD-438E-A302-2CD47B463CDE}"
EndProject
Project("{9A19103F-16F7-4668-BE54-9A1E7A4F7556}") = "2.7.02-IPA-Option", "2. Content\2.7-IPA\2.7.02-IPA-Option\2.7.02-IPA-Option.csproj", "{7BB11978-544F-42D4-BFDD-98986BF36D53}"
EndProject
Project("{2150E333-8FDC-42A3-9474-1A3956D46DE8}") = "2.8-FundamentalAndReference", "2.8-FundamentalAndReference", "{E6A7E5E3-502A-4208-8E5A-A1E402D96586}"
EndProject
Project("{9A19103F-16F7-4668-BE54-9A1E7A4F7556}") = "2.8.01-FundamentalAndReference_Basics", "2. Content\2.8-FundamentalAndReference\2.8.01-FundamentalAndReference-Basics\2.8.01-FundamentalAndReference_Basics.csproj", "{76A3AFCC-CA09-46EC-BFCE-28CE858FE3C8}"
EndProject
Project("{9A19103F-16F7-4668-BE54-9A1E7A4F7556}") = "2.8.02-FundamentalAndReference_Screener", "2. Content\2.8-FundamentalAndReference\2.8.02-FundamentalAndReference-Screener\2.8.02-FundamentalAndReference_Screener.csproj", "{9A2F61EF-213A-4FEE-B3A5-C8AFA8B919C7}"
EndProject
Project("{9A19103F-16F7-4668-BE54-9A1E7A4F7556}") = "1.1 - PlatformSession", "1. Quick Start\1.1 - PlatformSession\1.1 - PlatformSession.csproj", "{4BB068EA-6421-4E81-81DC-3E8355D00412}"
EndProject
Project("{9A19103F-16F7-4668-BE54-9A1E7A4F7556}") = "1.2 - DesktopSession", "1. Quick Start\1.2 - DesktopSession\1.2 - DesktopSession.csproj", "{F7220EF3-21BA-411D-A33B-95C0521426F2}"
EndProject
Project("{9A19103F-16F7-4668-BE54-9A1E7A4F7556}") = "1.3 - DeployedSession", "1. Quick Start\1.3 - DeployedSession\1.3 - DeployedSession.csproj", "{EFF7E97C-4EE7-4235-81D6-1E180B2BAE5B}"
EndProject
Project("{9A19103F-16F7-4668-BE54-9A1E7A4F7556}") = "2.2.07-Pricing-StreamingSnapshot", "2. Content\2.2-Pricing\2.2.07-Pricing-StreamingSnapshot\2.2.07-Pricing-StreamingSnapshot.csproj", "{B66F9B9B-0FCF-4922-A390-77224EBBF703}"
EndProject
Project("{9A19103F-16F7-4668-BE54-9A1E7A4F7556}") = "2.1.03-HistoricalPricing-TimeRange", "2. Content\2.1-HistoricalPricing\2.1.03-HistoricalPricing-TimeRange\2.1.03-HistoricalPricing-TimeRange.csproj", "{44683A73-8463-41FB-9719-692A2624A351}"
EndProject
Project("{2150E333-8FDC-42A3-9474-1A3956D46DE8}") = "4. Misc", "4. Misc", "{8534F4F2-BDBB-4B4C-A242-5BFB7C9D6D2F}"
EndProject
Project("{2150E333-8FDC-42A3-9474-1A3956D46DE8}") = "4.0-Log", "4.0-Log", "{50B07942-A88E-4233-B8BE-7960B9E71406}"
EndProject
Project("{2150E333-8FDC-42A3-9474-1A3956D46DE8}") = "4.1-WebSocket", "4.1-WebSocket", "{640AF7D4-4F30-4611-A11D-6A3F3BF3D7A8}"
EndProject
Project("{9A19103F-16F7-4668-BE54-9A1E7A4F7556}") = "3.1.04-Streaming-Batch", "3. Delivery\3.1-Streaming\3.1.04-Streaming-Batch\3.1.04-Streaming-Batch.csproj", "{0D3E5335-6FF3-41BD-82D7-50009BC30E75}"
EndProject
Project("{9A19103F-16F7-4668-BE54-9A1E7A4F7556}") = "2.6.04-SearchLight-Search", "2. Content\2.6-Search\2.6.04-SearchLight-Search\2.6.04-SearchLight-Search.csproj", "{98B713D8-3B0B-45F2-BDBE-496926DC1F2A}"
EndProject
Project("{9A19103F-16F7-4668-BE54-9A1E7A4F7556}") = "2.6.05-SearchLight-Lookup", "2. Content\2.6-Search\2.6.05-SearchLight-Lookup\2.6.05-SearchLight-Lookup.csproj", "{EDA353D9-2193-4786-B821-A7746A44963F}"
EndProject
Project("{9A19103F-16F7-4668-BE54-9A1E7A4F7556}") = "2.6.06-SearchLight-MetaData", "2. Content\2.6-Search\2.6.06-SearchLight-MetaData\2.6.06-SearchLight-MetaData.csproj", "{D233CBF9-FF0E-4E3E-ACC5-8B1502DED5F2}"
EndProject
Project("{9A19103F-16F7-4668-BE54-9A1E7A4F7556}") = "2.6.07-SearchExplore-Search", "2. Content\2.6-Search\2.6.07-SearchExplore-Search\2.6.07-SearchExplore-Search.csproj", "{E5C2DA45-8899-45FE-A10B-CD9A2DB072C6}"
EndProject
Project("{9A19103F-16F7-4668-BE54-9A1E7A4F7556}") = "2.6.08-SearchExplore-MetaData", "2. Content\2.6-Search\2.6.08-SearchExplore-MetaData\2.6.08-SearchExplore-MetaData.csproj", "{21204138-63CC-4B3F-BDAB-01640B7C1B14}"
EndProject
Project("{9A19103F-16F7-4668-BE54-9A1E7A4F7556}") = "2.2.08-Pricing-StreamingEndpoint", "2. Content\2.2-Pricing\2.2.08-Pricing-StreamingEndpoint\2.2.08-Pricing-StreamingEndpoint.csproj", "{97AB9E84-856C-43AD-8C5B-8E7C20F0FCFE}"
EndProject
Project("{9A19103F-16F7-4668-BE54-9A1E7A4F7556}") = "2.7.03-IPA-FxCross", "2. Content\2.7-IPA\2.7.03-IPA-FxCross\2.7.03-IPA-FxCross.csproj", "{A084038F-980F-4995-89C8-28D773B6A06D}"
EndProject
Project("{9A19103F-16F7-4668-BE54-9A1E7A4F7556}") = "2.7.04-IPA-Swap", "2. Content\2.7-IPA\2.7.04-IPA-Swap\2.7.04-IPA-Swap.csproj", "{135DD2EE-A841-4831-8B75-13CD5AA7B473}"
EndProject
Project("{9A19103F-16F7-4668-BE54-9A1E7A4F7556}") = "2.7.05-IPA-CapFloor", "2. Content\2.7-IPA\2.7.05-IPA-CapFloor\2.7.05-IPA-CapFloor.csproj", "{15D69CF0-C17E-42F2-A043-041753F64E90}"
EndProject
Project("{9A19103F-16F7-4668-BE54-9A1E7A4F7556}") = "2.7.06-IPA-Swaption", "2. Content\2.7-IPA\2.7.06-IPA-Swaption\2.7.06-IPA-Swaption.csproj", "{EE9BB3A1-B29A-4C2F-822B-FC2263DED4E4}"
EndProject
Project("{9A19103F-16F7-4668-BE54-9A1E7A4F7556}") = "3.1.10-Streaming-IPAFxCross", "3. Delivery\3.1-Streaming\3.1.10-Streaming-IPAFxCross\3.1.10-Streaming-IPAFxCross.csproj", "{4C1DA419-BA71-4824-B077-C2BEF157C245}"
EndProject
Project("{9A19103F-16F7-4668-BE54-9A1E7A4F7556}") = "3.1.12-Streaming-Wealth", "3. Delivery\3.1-Streaming\3.1.12-Streaming-Wealth\3.1.12-Streaming-Wealth.csproj", "{9066801C-1238-4F9D-85A8-697A764B3DF1}"
EndProject
Project("{2150E333-8FDC-42A3-9474-1A3956D46DE8}") = "5. Optional Configuration", "5. Optional Configuration", "{B76E217C-089D-4777-8BC1-53B648F8AF25}"
	ProjectSection(SolutionItems) = preProject
		5. Optional Configuration\Readme.txt = 5. Optional Configuration\Readme.txt
	EndProjectSection
EndProject
Project("{9A19103F-16F7-4668-BE54-9A1E7A4F7556}") = "5.1-Session", "5. Optional Configuration\5.1-Session\5.1-Session.csproj", "{1B184E8C-BC06-45D4-A4DD-80BB25E74E6E}"
EndProject
Project("{9A19103F-16F7-4668-BE54-9A1E7A4F7556}") = "2.2.02-Pricing-Chains", "2. Content\2.2-Pricing\2.2.02-Pricing-Chains\2.2.02-Pricing-Chains.csproj", "{E49F83A2-6D2B-4534-9C5A-6C156B5EF6B4}"
EndProject
Project("{9A19103F-16F7-4668-BE54-9A1E7A4F7556}") = "2.1.10-HistoricalPricing-TSInterday", "2. Content\2.1-HistoricalPricing\2.1.10-HistoricalPricing-TSInterday\2.1.10-HistoricalPricing-TSInterday.csproj", "{45976480-AEE9-4D06-9941-F46D859C90DB}"
EndProject
Project("{9A19103F-16F7-4668-BE54-9A1E7A4F7556}") = "2.1.11-HistoricalPricing-TSIntraday", "2. Content\2.1-HistoricalPricing\2.1.11-HistoricalPricing-TSIntraday\2.1.11-HistoricalPricing-TSIntraday.csproj", "{5D28154B-4CE3-4E9C-B64E-E08658BBD02E}"
EndProject
Project("{9A19103F-16F7-4668-BE54-9A1E7A4F7556}") = "2.1.12-HistoricalPricing-TSEvents", "2. Content\2.1-HistoricalPricing\2.1.12-HistoricalPricing-TSEvents\2.1.12-HistoricalPricing-TSEvents.csproj", "{0E3C9BFE-64D9-412F-AA9D-1D44E062FF6E}"
EndProject
Project("{9A19103F-16F7-4668-BE54-9A1E7A4F7556}") = "3.2.06-Endpoint-TSIMetadata", "3. Delivery\3.2-Endpoint\3.2.06-Endpoint-TSIMetadata\3.2.06-Endpoint-TSIMetadata.csproj", "{AF5293D6-8F89-4C10-A4A5-D5957817F9F5}"
EndProject
Project("{9A19103F-16F7-4668-BE54-9A1E7A4F7556}") = "2.8.03-FundamentalAndReference_TableCalc", "2. Content\2.8-FundamentalAndReference\2.8.03-FundamentalAndReference_TableCalc\2.8.03-FundamentalAndReference_TableCalc.csproj", "{E0221B48-3073-4A8D-83A1-3D6531755AEA}"
EndProject
Global
	GlobalSection(SolutionConfigurationPlatforms) = preSolution
		Debug|Any CPU = Debug|Any CPU
		Debug|x64 = Debug|x64
		Release|Any CPU = Release|Any CPU
		Release|x64 = Release|x64
	EndGlobalSection
	GlobalSection(ProjectConfigurationPlatforms) = postSolution
		{C9B8EAF7-6926-4A9F-BD70-952201D69AED}.Debug|Any CPU.ActiveCfg = Debug|Any CPU
		{C9B8EAF7-6926-4A9F-BD70-952201D69AED}.Debug|Any CPU.Build.0 = Debug|Any CPU
		{C9B8EAF7-6926-4A9F-BD70-952201D69AED}.Debug|x64.ActiveCfg = Debug|Any CPU
		{C9B8EAF7-6926-4A9F-BD70-952201D69AED}.Debug|x64.Build.0 = Debug|Any CPU
		{C9B8EAF7-6926-4A9F-BD70-952201D69AED}.Release|Any CPU.ActiveCfg = Release|Any CPU
		{C9B8EAF7-6926-4A9F-BD70-952201D69AED}.Release|Any CPU.Build.0 = Release|Any CPU
		{C9B8EAF7-6926-4A9F-BD70-952201D69AED}.Release|x64.ActiveCfg = Release|Any CPU
		{C9B8EAF7-6926-4A9F-BD70-952201D69AED}.Release|x64.Build.0 = Release|Any CPU
		{AA8DC97F-783D-4F9B-BDA1-1FDFD77BB9BD}.Debug|Any CPU.ActiveCfg = Debug|Any CPU
		{AA8DC97F-783D-4F9B-BDA1-1FDFD77BB9BD}.Debug|Any CPU.Build.0 = Debug|Any CPU
		{AA8DC97F-783D-4F9B-BDA1-1FDFD77BB9BD}.Debug|x64.ActiveCfg = Debug|Any CPU
		{AA8DC97F-783D-4F9B-BDA1-1FDFD77BB9BD}.Debug|x64.Build.0 = Debug|Any CPU
		{AA8DC97F-783D-4F9B-BDA1-1FDFD77BB9BD}.Release|Any CPU.ActiveCfg = Release|Any CPU
		{AA8DC97F-783D-4F9B-BDA1-1FDFD77BB9BD}.Release|Any CPU.Build.0 = Release|Any CPU
		{AA8DC97F-783D-4F9B-BDA1-1FDFD77BB9BD}.Release|x64.ActiveCfg = Release|Any CPU
		{AA8DC97F-783D-4F9B-BDA1-1FDFD77BB9BD}.Release|x64.Build.0 = Release|Any CPU
		{14336515-74D3-4759-9885-B01DECF31009}.Debug|Any CPU.ActiveCfg = Debug|Any CPU
		{14336515-74D3-4759-9885-B01DECF31009}.Debug|Any CPU.Build.0 = Debug|Any CPU
		{14336515-74D3-4759-9885-B01DECF31009}.Debug|x64.ActiveCfg = Debug|Any CPU
		{14336515-74D3-4759-9885-B01DECF31009}.Debug|x64.Build.0 = Debug|Any CPU
		{14336515-74D3-4759-9885-B01DECF31009}.Release|Any CPU.ActiveCfg = Release|Any CPU
		{14336515-74D3-4759-9885-B01DECF31009}.Release|Any CPU.Build.0 = Release|Any CPU
		{14336515-74D3-4759-9885-B01DECF31009}.Release|x64.ActiveCfg = Release|Any CPU
		{14336515-74D3-4759-9885-B01DECF31009}.Release|x64.Build.0 = Release|Any CPU
		{CD7EDEE1-1D9B-4EB2-9A7D-2C5193AE47C9}.Debug|Any CPU.ActiveCfg = Debug|Any CPU
		{CD7EDEE1-1D9B-4EB2-9A7D-2C5193AE47C9}.Debug|Any CPU.Build.0 = Debug|Any CPU
		{CD7EDEE1-1D9B-4EB2-9A7D-2C5193AE47C9}.Debug|x64.ActiveCfg = Debug|Any CPU
		{CD7EDEE1-1D9B-4EB2-9A7D-2C5193AE47C9}.Debug|x64.Build.0 = Debug|Any CPU
		{CD7EDEE1-1D9B-4EB2-9A7D-2C5193AE47C9}.Release|Any CPU.ActiveCfg = Release|Any CPU
		{CD7EDEE1-1D9B-4EB2-9A7D-2C5193AE47C9}.Release|Any CPU.Build.0 = Release|Any CPU
		{CD7EDEE1-1D9B-4EB2-9A7D-2C5193AE47C9}.Release|x64.ActiveCfg = Release|Any CPU
		{CD7EDEE1-1D9B-4EB2-9A7D-2C5193AE47C9}.Release|x64.Build.0 = Release|Any CPU
		{BA44AC14-1199-4E53-B95D-950342C0786D}.Debug|Any CPU.ActiveCfg = Debug|Any CPU
		{BA44AC14-1199-4E53-B95D-950342C0786D}.Debug|Any CPU.Build.0 = Debug|Any CPU
		{BA44AC14-1199-4E53-B95D-950342C0786D}.Debug|x64.ActiveCfg = Debug|Any CPU
		{BA44AC14-1199-4E53-B95D-950342C0786D}.Debug|x64.Build.0 = Debug|Any CPU
		{BA44AC14-1199-4E53-B95D-950342C0786D}.Release|Any CPU.ActiveCfg = Release|Any CPU
		{BA44AC14-1199-4E53-B95D-950342C0786D}.Release|Any CPU.Build.0 = Release|Any CPU
		{BA44AC14-1199-4E53-B95D-950342C0786D}.Release|x64.ActiveCfg = Release|Any CPU
		{BA44AC14-1199-4E53-B95D-950342C0786D}.Release|x64.Build.0 = Release|Any CPU
		{B417964D-BE3C-40A7-B9CA-1D75AFDEAB3D}.Debug|Any CPU.ActiveCfg = Debug|Any CPU
		{B417964D-BE3C-40A7-B9CA-1D75AFDEAB3D}.Debug|Any CPU.Build.0 = Debug|Any CPU
		{B417964D-BE3C-40A7-B9CA-1D75AFDEAB3D}.Debug|x64.ActiveCfg = Debug|Any CPU
		{B417964D-BE3C-40A7-B9CA-1D75AFDEAB3D}.Debug|x64.Build.0 = Debug|Any CPU
		{B417964D-BE3C-40A7-B9CA-1D75AFDEAB3D}.Release|Any CPU.ActiveCfg = Release|Any CPU
		{B417964D-BE3C-40A7-B9CA-1D75AFDEAB3D}.Release|Any CPU.Build.0 = Release|Any CPU
		{B417964D-BE3C-40A7-B9CA-1D75AFDEAB3D}.Release|x64.ActiveCfg = Release|Any CPU
		{B417964D-BE3C-40A7-B9CA-1D75AFDEAB3D}.Release|x64.Build.0 = Release|Any CPU
		{BD4BD1FF-4B37-49B8-82A7-326FA67E4DCF}.Debug|Any CPU.ActiveCfg = Debug|Any CPU
		{BD4BD1FF-4B37-49B8-82A7-326FA67E4DCF}.Debug|Any CPU.Build.0 = Debug|Any CPU
		{BD4BD1FF-4B37-49B8-82A7-326FA67E4DCF}.Debug|x64.ActiveCfg = Debug|Any CPU
		{BD4BD1FF-4B37-49B8-82A7-326FA67E4DCF}.Debug|x64.Build.0 = Debug|Any CPU
		{BD4BD1FF-4B37-49B8-82A7-326FA67E4DCF}.Release|Any CPU.ActiveCfg = Release|Any CPU
		{BD4BD1FF-4B37-49B8-82A7-326FA67E4DCF}.Release|Any CPU.Build.0 = Release|Any CPU
		{BD4BD1FF-4B37-49B8-82A7-326FA67E4DCF}.Release|x64.ActiveCfg = Release|Any CPU
		{BD4BD1FF-4B37-49B8-82A7-326FA67E4DCF}.Release|x64.Build.0 = Release|Any CPU
		{446D6627-7E81-4C13-A350-8FF82908DCF3}.Debug|Any CPU.ActiveCfg = Debug|Any CPU
		{446D6627-7E81-4C13-A350-8FF82908DCF3}.Debug|Any CPU.Build.0 = Debug|Any CPU
		{446D6627-7E81-4C13-A350-8FF82908DCF3}.Debug|x64.ActiveCfg = Debug|Any CPU
		{446D6627-7E81-4C13-A350-8FF82908DCF3}.Debug|x64.Build.0 = Debug|Any CPU
		{446D6627-7E81-4C13-A350-8FF82908DCF3}.Release|Any CPU.ActiveCfg = Release|Any CPU
		{446D6627-7E81-4C13-A350-8FF82908DCF3}.Release|Any CPU.Build.0 = Release|Any CPU
		{446D6627-7E81-4C13-A350-8FF82908DCF3}.Release|x64.ActiveCfg = Release|Any CPU
		{446D6627-7E81-4C13-A350-8FF82908DCF3}.Release|x64.Build.0 = Release|Any CPU
		{BD35667E-8C1F-4E27-BEEA-7316EEF56143}.Debug|Any CPU.ActiveCfg = Debug|Any CPU
		{BD35667E-8C1F-4E27-BEEA-7316EEF56143}.Debug|Any CPU.Build.0 = Debug|Any CPU
		{BD35667E-8C1F-4E27-BEEA-7316EEF56143}.Debug|x64.ActiveCfg = Debug|Any CPU
		{BD35667E-8C1F-4E27-BEEA-7316EEF56143}.Debug|x64.Build.0 = Debug|Any CPU
		{BD35667E-8C1F-4E27-BEEA-7316EEF56143}.Release|Any CPU.ActiveCfg = Release|Any CPU
		{BD35667E-8C1F-4E27-BEEA-7316EEF56143}.Release|Any CPU.Build.0 = Release|Any CPU
		{BD35667E-8C1F-4E27-BEEA-7316EEF56143}.Release|x64.ActiveCfg = Release|Any CPU
		{BD35667E-8C1F-4E27-BEEA-7316EEF56143}.Release|x64.Build.0 = Release|Any CPU
		{D25444D5-CFF6-41AB-A116-B9870367B57A}.Debug|Any CPU.ActiveCfg = Debug|Any CPU
		{D25444D5-CFF6-41AB-A116-B9870367B57A}.Debug|Any CPU.Build.0 = Debug|Any CPU
		{D25444D5-CFF6-41AB-A116-B9870367B57A}.Debug|x64.ActiveCfg = Debug|Any CPU
		{D25444D5-CFF6-41AB-A116-B9870367B57A}.Debug|x64.Build.0 = Debug|Any CPU
		{D25444D5-CFF6-41AB-A116-B9870367B57A}.Release|Any CPU.ActiveCfg = Release|Any CPU
		{D25444D5-CFF6-41AB-A116-B9870367B57A}.Release|Any CPU.Build.0 = Release|Any CPU
		{D25444D5-CFF6-41AB-A116-B9870367B57A}.Release|x64.ActiveCfg = Release|Any CPU
		{D25444D5-CFF6-41AB-A116-B9870367B57A}.Release|x64.Build.0 = Release|Any CPU
		{3B8413EC-5479-45B0-B030-056D6258A869}.Debug|Any CPU.ActiveCfg = Debug|Any CPU
		{3B8413EC-5479-45B0-B030-056D6258A869}.Debug|Any CPU.Build.0 = Debug|Any CPU
		{3B8413EC-5479-45B0-B030-056D6258A869}.Debug|x64.ActiveCfg = Debug|Any CPU
		{3B8413EC-5479-45B0-B030-056D6258A869}.Debug|x64.Build.0 = Debug|Any CPU
		{3B8413EC-5479-45B0-B030-056D6258A869}.Release|Any CPU.ActiveCfg = Release|Any CPU
		{3B8413EC-5479-45B0-B030-056D6258A869}.Release|Any CPU.Build.0 = Release|Any CPU
		{3B8413EC-5479-45B0-B030-056D6258A869}.Release|x64.ActiveCfg = Release|Any CPU
		{3B8413EC-5479-45B0-B030-056D6258A869}.Release|x64.Build.0 = Release|Any CPU
		{E7B0C803-EDE3-4E86-BA77-AA1247452288}.Debug|Any CPU.ActiveCfg = Debug|Any CPU
		{E7B0C803-EDE3-4E86-BA77-AA1247452288}.Debug|Any CPU.Build.0 = Debug|Any CPU
		{E7B0C803-EDE3-4E86-BA77-AA1247452288}.Debug|x64.ActiveCfg = Debug|Any CPU
		{E7B0C803-EDE3-4E86-BA77-AA1247452288}.Debug|x64.Build.0 = Debug|Any CPU
		{E7B0C803-EDE3-4E86-BA77-AA1247452288}.Release|Any CPU.ActiveCfg = Release|Any CPU
		{E7B0C803-EDE3-4E86-BA77-AA1247452288}.Release|Any CPU.Build.0 = Release|Any CPU
		{E7B0C803-EDE3-4E86-BA77-AA1247452288}.Release|x64.ActiveCfg = Release|Any CPU
		{E7B0C803-EDE3-4E86-BA77-AA1247452288}.Release|x64.Build.0 = Release|Any CPU
		{E4AE7E0D-4032-4CB8-88D3-5A73D28DC013}.Debug|Any CPU.ActiveCfg = Debug|Any CPU
		{E4AE7E0D-4032-4CB8-88D3-5A73D28DC013}.Debug|Any CPU.Build.0 = Debug|Any CPU
		{E4AE7E0D-4032-4CB8-88D3-5A73D28DC013}.Debug|x64.ActiveCfg = Debug|Any CPU
		{E4AE7E0D-4032-4CB8-88D3-5A73D28DC013}.Debug|x64.Build.0 = Debug|Any CPU
		{E4AE7E0D-4032-4CB8-88D3-5A73D28DC013}.Release|Any CPU.ActiveCfg = Release|Any CPU
		{E4AE7E0D-4032-4CB8-88D3-5A73D28DC013}.Release|Any CPU.Build.0 = Release|Any CPU
		{E4AE7E0D-4032-4CB8-88D3-5A73D28DC013}.Release|x64.ActiveCfg = Release|Any CPU
		{E4AE7E0D-4032-4CB8-88D3-5A73D28DC013}.Release|x64.Build.0 = Release|Any CPU
		{F60EE5C9-A71E-4133-9552-671949BAA40E}.Debug|Any CPU.ActiveCfg = Debug|Any CPU
		{F60EE5C9-A71E-4133-9552-671949BAA40E}.Debug|Any CPU.Build.0 = Debug|Any CPU
		{F60EE5C9-A71E-4133-9552-671949BAA40E}.Debug|x64.ActiveCfg = Debug|Any CPU
		{F60EE5C9-A71E-4133-9552-671949BAA40E}.Debug|x64.Build.0 = Debug|Any CPU
		{F60EE5C9-A71E-4133-9552-671949BAA40E}.Release|Any CPU.ActiveCfg = Release|Any CPU
		{F60EE5C9-A71E-4133-9552-671949BAA40E}.Release|Any CPU.Build.0 = Release|Any CPU
		{F60EE5C9-A71E-4133-9552-671949BAA40E}.Release|x64.ActiveCfg = Release|Any CPU
		{F60EE5C9-A71E-4133-9552-671949BAA40E}.Release|x64.Build.0 = Release|Any CPU
		{4840932B-6F67-4908-920F-D89BB041337F}.Debug|Any CPU.ActiveCfg = Debug|Any CPU
		{4840932B-6F67-4908-920F-D89BB041337F}.Debug|Any CPU.Build.0 = Debug|Any CPU
		{4840932B-6F67-4908-920F-D89BB041337F}.Debug|x64.ActiveCfg = Debug|Any CPU
		{4840932B-6F67-4908-920F-D89BB041337F}.Debug|x64.Build.0 = Debug|Any CPU
		{4840932B-6F67-4908-920F-D89BB041337F}.Release|Any CPU.ActiveCfg = Release|Any CPU
		{4840932B-6F67-4908-920F-D89BB041337F}.Release|Any CPU.Build.0 = Release|Any CPU
		{4840932B-6F67-4908-920F-D89BB041337F}.Release|x64.ActiveCfg = Release|Any CPU
		{4840932B-6F67-4908-920F-D89BB041337F}.Release|x64.Build.0 = Release|Any CPU
		{E5E37DD2-94CA-486B-A24A-BE331B2AA7EC}.Debug|Any CPU.ActiveCfg = Debug|Any CPU
		{E5E37DD2-94CA-486B-A24A-BE331B2AA7EC}.Debug|Any CPU.Build.0 = Debug|Any CPU
		{E5E37DD2-94CA-486B-A24A-BE331B2AA7EC}.Debug|x64.ActiveCfg = Debug|Any CPU
		{E5E37DD2-94CA-486B-A24A-BE331B2AA7EC}.Debug|x64.Build.0 = Debug|Any CPU
		{E5E37DD2-94CA-486B-A24A-BE331B2AA7EC}.Release|Any CPU.ActiveCfg = Release|Any CPU
		{E5E37DD2-94CA-486B-A24A-BE331B2AA7EC}.Release|Any CPU.Build.0 = Release|Any CPU
		{E5E37DD2-94CA-486B-A24A-BE331B2AA7EC}.Release|x64.ActiveCfg = Release|Any CPU
		{E5E37DD2-94CA-486B-A24A-BE331B2AA7EC}.Release|x64.Build.0 = Release|Any CPU
		{F24BF526-714A-47CD-B433-F5102AE57E8B}.Debug|Any CPU.ActiveCfg = Debug|Any CPU
		{F24BF526-714A-47CD-B433-F5102AE57E8B}.Debug|Any CPU.Build.0 = Debug|Any CPU
		{F24BF526-714A-47CD-B433-F5102AE57E8B}.Debug|x64.ActiveCfg = Debug|Any CPU
		{F24BF526-714A-47CD-B433-F5102AE57E8B}.Debug|x64.Build.0 = Debug|Any CPU
		{F24BF526-714A-47CD-B433-F5102AE57E8B}.Release|Any CPU.ActiveCfg = Release|Any CPU
		{F24BF526-714A-47CD-B433-F5102AE57E8B}.Release|Any CPU.Build.0 = Release|Any CPU
		{F24BF526-714A-47CD-B433-F5102AE57E8B}.Release|x64.ActiveCfg = Release|Any CPU
		{F24BF526-714A-47CD-B433-F5102AE57E8B}.Release|x64.Build.0 = Release|Any CPU
		{908CD9FE-AD98-4B61-8CD1-C7057F7214B5}.Debug|Any CPU.ActiveCfg = Debug|Any CPU
		{908CD9FE-AD98-4B61-8CD1-C7057F7214B5}.Debug|Any CPU.Build.0 = Debug|Any CPU
		{908CD9FE-AD98-4B61-8CD1-C7057F7214B5}.Debug|x64.ActiveCfg = Debug|Any CPU
		{908CD9FE-AD98-4B61-8CD1-C7057F7214B5}.Debug|x64.Build.0 = Debug|Any CPU
		{908CD9FE-AD98-4B61-8CD1-C7057F7214B5}.Release|Any CPU.ActiveCfg = Release|Any CPU
		{908CD9FE-AD98-4B61-8CD1-C7057F7214B5}.Release|Any CPU.Build.0 = Release|Any CPU
		{908CD9FE-AD98-4B61-8CD1-C7057F7214B5}.Release|x64.ActiveCfg = Release|Any CPU
		{908CD9FE-AD98-4B61-8CD1-C7057F7214B5}.Release|x64.Build.0 = Release|Any CPU
		{FF88F541-47BF-4A45-9F67-2B197D20C91A}.Debug|Any CPU.ActiveCfg = Debug|Any CPU
		{FF88F541-47BF-4A45-9F67-2B197D20C91A}.Debug|Any CPU.Build.0 = Debug|Any CPU
		{FF88F541-47BF-4A45-9F67-2B197D20C91A}.Debug|x64.ActiveCfg = Debug|Any CPU
		{FF88F541-47BF-4A45-9F67-2B197D20C91A}.Debug|x64.Build.0 = Debug|Any CPU
		{FF88F541-47BF-4A45-9F67-2B197D20C91A}.Release|Any CPU.ActiveCfg = Release|Any CPU
		{FF88F541-47BF-4A45-9F67-2B197D20C91A}.Release|Any CPU.Build.0 = Release|Any CPU
		{FF88F541-47BF-4A45-9F67-2B197D20C91A}.Release|x64.ActiveCfg = Release|Any CPU
		{FF88F541-47BF-4A45-9F67-2B197D20C91A}.Release|x64.Build.0 = Release|Any CPU
		{9315D4D0-BBCF-443E-944C-8ACC342B04D7}.Debug|Any CPU.ActiveCfg = Debug|Any CPU
		{9315D4D0-BBCF-443E-944C-8ACC342B04D7}.Debug|Any CPU.Build.0 = Debug|Any CPU
		{9315D4D0-BBCF-443E-944C-8ACC342B04D7}.Debug|x64.ActiveCfg = Debug|Any CPU
		{9315D4D0-BBCF-443E-944C-8ACC342B04D7}.Debug|x64.Build.0 = Debug|Any CPU
		{9315D4D0-BBCF-443E-944C-8ACC342B04D7}.Release|Any CPU.ActiveCfg = Release|Any CPU
		{9315D4D0-BBCF-443E-944C-8ACC342B04D7}.Release|Any CPU.Build.0 = Release|Any CPU
		{9315D4D0-BBCF-443E-944C-8ACC342B04D7}.Release|x64.ActiveCfg = Release|Any CPU
		{9315D4D0-BBCF-443E-944C-8ACC342B04D7}.Release|x64.Build.0 = Release|Any CPU
		{1A5D4FE9-636C-4BD3-81B3-E1DBAD3AE76B}.Debug|Any CPU.ActiveCfg = Debug|Any CPU
		{1A5D4FE9-636C-4BD3-81B3-E1DBAD3AE76B}.Debug|Any CPU.Build.0 = Debug|Any CPU
		{1A5D4FE9-636C-4BD3-81B3-E1DBAD3AE76B}.Debug|x64.ActiveCfg = Debug|Any CPU
		{1A5D4FE9-636C-4BD3-81B3-E1DBAD3AE76B}.Debug|x64.Build.0 = Debug|Any CPU
		{1A5D4FE9-636C-4BD3-81B3-E1DBAD3AE76B}.Release|Any CPU.ActiveCfg = Release|Any CPU
		{1A5D4FE9-636C-4BD3-81B3-E1DBAD3AE76B}.Release|Any CPU.Build.0 = Release|Any CPU
		{1A5D4FE9-636C-4BD3-81B3-E1DBAD3AE76B}.Release|x64.ActiveCfg = Release|Any CPU
		{1A5D4FE9-636C-4BD3-81B3-E1DBAD3AE76B}.Release|x64.Build.0 = Release|Any CPU
		{94EFECF5-E62C-418F-B6BC-01153D6B9E4C}.Debug|Any CPU.ActiveCfg = Debug|Any CPU
		{94EFECF5-E62C-418F-B6BC-01153D6B9E4C}.Debug|Any CPU.Build.0 = Debug|Any CPU
		{94EFECF5-E62C-418F-B6BC-01153D6B9E4C}.Debug|x64.ActiveCfg = Debug|Any CPU
		{94EFECF5-E62C-418F-B6BC-01153D6B9E4C}.Debug|x64.Build.0 = Debug|Any CPU
		{94EFECF5-E62C-418F-B6BC-01153D6B9E4C}.Release|Any CPU.ActiveCfg = Release|Any CPU
		{94EFECF5-E62C-418F-B6BC-01153D6B9E4C}.Release|Any CPU.Build.0 = Release|Any CPU
		{94EFECF5-E62C-418F-B6BC-01153D6B9E4C}.Release|x64.ActiveCfg = Release|Any CPU
		{94EFECF5-E62C-418F-B6BC-01153D6B9E4C}.Release|x64.Build.0 = Release|Any CPU
		{A021C2C5-8923-45D1-B101-DE2F053FFA74}.Debug|Any CPU.ActiveCfg = Debug|Any CPU
		{A021C2C5-8923-45D1-B101-DE2F053FFA74}.Debug|Any CPU.Build.0 = Debug|Any CPU
		{A021C2C5-8923-45D1-B101-DE2F053FFA74}.Debug|x64.ActiveCfg = Debug|Any CPU
		{A021C2C5-8923-45D1-B101-DE2F053FFA74}.Debug|x64.Build.0 = Debug|Any CPU
		{A021C2C5-8923-45D1-B101-DE2F053FFA74}.Release|Any CPU.ActiveCfg = Release|Any CPU
		{A021C2C5-8923-45D1-B101-DE2F053FFA74}.Release|Any CPU.Build.0 = Release|Any CPU
		{A021C2C5-8923-45D1-B101-DE2F053FFA74}.Release|x64.ActiveCfg = Release|Any CPU
		{A021C2C5-8923-45D1-B101-DE2F053FFA74}.Release|x64.Build.0 = Release|Any CPU
		{81802EF0-AE9D-43E8-AABE-36BBE79D3D9C}.Debug|Any CPU.ActiveCfg = Debug|Any CPU
		{81802EF0-AE9D-43E8-AABE-36BBE79D3D9C}.Debug|Any CPU.Build.0 = Debug|Any CPU
		{81802EF0-AE9D-43E8-AABE-36BBE79D3D9C}.Debug|x64.ActiveCfg = Debug|Any CPU
		{81802EF0-AE9D-43E8-AABE-36BBE79D3D9C}.Debug|x64.Build.0 = Debug|Any CPU
		{81802EF0-AE9D-43E8-AABE-36BBE79D3D9C}.Release|Any CPU.ActiveCfg = Release|Any CPU
		{81802EF0-AE9D-43E8-AABE-36BBE79D3D9C}.Release|Any CPU.Build.0 = Release|Any CPU
		{81802EF0-AE9D-43E8-AABE-36BBE79D3D9C}.Release|x64.ActiveCfg = Release|Any CPU
		{81802EF0-AE9D-43E8-AABE-36BBE79D3D9C}.Release|x64.Build.0 = Release|Any CPU
		{93F43D7B-2D33-451D-85B0-7C612CF8A3E7}.Debug|Any CPU.ActiveCfg = Debug|Any CPU
		{93F43D7B-2D33-451D-85B0-7C612CF8A3E7}.Debug|Any CPU.Build.0 = Debug|Any CPU
		{93F43D7B-2D33-451D-85B0-7C612CF8A3E7}.Debug|x64.ActiveCfg = Debug|Any CPU
		{93F43D7B-2D33-451D-85B0-7C612CF8A3E7}.Debug|x64.Build.0 = Debug|Any CPU
		{93F43D7B-2D33-451D-85B0-7C612CF8A3E7}.Release|Any CPU.ActiveCfg = Release|Any CPU
		{93F43D7B-2D33-451D-85B0-7C612CF8A3E7}.Release|Any CPU.Build.0 = Release|Any CPU
		{93F43D7B-2D33-451D-85B0-7C612CF8A3E7}.Release|x64.ActiveCfg = Release|Any CPU
		{93F43D7B-2D33-451D-85B0-7C612CF8A3E7}.Release|x64.Build.0 = Release|Any CPU
		{F79A6930-6953-4C18-9488-4D577C62DD96}.Debug|Any CPU.ActiveCfg = Debug|Any CPU
		{F79A6930-6953-4C18-9488-4D577C62DD96}.Debug|Any CPU.Build.0 = Debug|Any CPU
		{F79A6930-6953-4C18-9488-4D577C62DD96}.Debug|x64.ActiveCfg = Debug|Any CPU
		{F79A6930-6953-4C18-9488-4D577C62DD96}.Debug|x64.Build.0 = Debug|Any CPU
		{F79A6930-6953-4C18-9488-4D577C62DD96}.Release|Any CPU.ActiveCfg = Release|Any CPU
		{F79A6930-6953-4C18-9488-4D577C62DD96}.Release|Any CPU.Build.0 = Release|Any CPU
		{F79A6930-6953-4C18-9488-4D577C62DD96}.Release|x64.ActiveCfg = Release|Any CPU
		{F79A6930-6953-4C18-9488-4D577C62DD96}.Release|x64.Build.0 = Release|Any CPU
		{7B642CDB-11E3-480E-B9F3-D96ACD8F9057}.Debug|Any CPU.ActiveCfg = Debug|Any CPU
		{7B642CDB-11E3-480E-B9F3-D96ACD8F9057}.Debug|Any CPU.Build.0 = Debug|Any CPU
		{7B642CDB-11E3-480E-B9F3-D96ACD8F9057}.Debug|x64.ActiveCfg = Debug|Any CPU
		{7B642CDB-11E3-480E-B9F3-D96ACD8F9057}.Debug|x64.Build.0 = Debug|Any CPU
		{7B642CDB-11E3-480E-B9F3-D96ACD8F9057}.Release|Any CPU.ActiveCfg = Release|Any CPU
		{7B642CDB-11E3-480E-B9F3-D96ACD8F9057}.Release|Any CPU.Build.0 = Release|Any CPU
		{7B642CDB-11E3-480E-B9F3-D96ACD8F9057}.Release|x64.ActiveCfg = Release|Any CPU
		{7B642CDB-11E3-480E-B9F3-D96ACD8F9057}.Release|x64.Build.0 = Release|Any CPU
		{C45CF126-1595-4972-A0B8-4B4EB01505C3}.Debug|Any CPU.ActiveCfg = Debug|Any CPU
		{C45CF126-1595-4972-A0B8-4B4EB01505C3}.Debug|Any CPU.Build.0 = Debug|Any CPU
		{C45CF126-1595-4972-A0B8-4B4EB01505C3}.Debug|x64.ActiveCfg = Debug|Any CPU
		{C45CF126-1595-4972-A0B8-4B4EB01505C3}.Debug|x64.Build.0 = Debug|Any CPU
		{C45CF126-1595-4972-A0B8-4B4EB01505C3}.Release|Any CPU.ActiveCfg = Release|Any CPU
		{C45CF126-1595-4972-A0B8-4B4EB01505C3}.Release|Any CPU.Build.0 = Release|Any CPU
		{C45CF126-1595-4972-A0B8-4B4EB01505C3}.Release|x64.ActiveCfg = Release|Any CPU
		{C45CF126-1595-4972-A0B8-4B4EB01505C3}.Release|x64.Build.0 = Release|Any CPU
		{E256BD8C-3B33-4601-B242-265BB9D59EFD}.Debug|Any CPU.ActiveCfg = Debug|Any CPU
		{E256BD8C-3B33-4601-B242-265BB9D59EFD}.Debug|Any CPU.Build.0 = Debug|Any CPU
		{E256BD8C-3B33-4601-B242-265BB9D59EFD}.Debug|x64.ActiveCfg = Debug|Any CPU
		{E256BD8C-3B33-4601-B242-265BB9D59EFD}.Debug|x64.Build.0 = Debug|Any CPU
		{E256BD8C-3B33-4601-B242-265BB9D59EFD}.Release|Any CPU.ActiveCfg = Release|Any CPU
		{E256BD8C-3B33-4601-B242-265BB9D59EFD}.Release|Any CPU.Build.0 = Release|Any CPU
		{E256BD8C-3B33-4601-B242-265BB9D59EFD}.Release|x64.ActiveCfg = Release|Any CPU
		{E256BD8C-3B33-4601-B242-265BB9D59EFD}.Release|x64.Build.0 = Release|Any CPU
		{784DD8CC-6B0E-4A72-A3E2-4857B094CBA9}.Debug|Any CPU.ActiveCfg = Debug|Any CPU
		{784DD8CC-6B0E-4A72-A3E2-4857B094CBA9}.Debug|Any CPU.Build.0 = Debug|Any CPU
		{784DD8CC-6B0E-4A72-A3E2-4857B094CBA9}.Debug|x64.ActiveCfg = Debug|Any CPU
		{784DD8CC-6B0E-4A72-A3E2-4857B094CBA9}.Debug|x64.Build.0 = Debug|Any CPU
		{784DD8CC-6B0E-4A72-A3E2-4857B094CBA9}.Release|Any CPU.ActiveCfg = Release|Any CPU
		{784DD8CC-6B0E-4A72-A3E2-4857B094CBA9}.Release|Any CPU.Build.0 = Release|Any CPU
		{784DD8CC-6B0E-4A72-A3E2-4857B094CBA9}.Release|x64.ActiveCfg = Release|Any CPU
		{784DD8CC-6B0E-4A72-A3E2-4857B094CBA9}.Release|x64.Build.0 = Release|Any CPU
		{83F8925C-0733-4361-B786-9A83D521CF08}.Debug|Any CPU.ActiveCfg = Debug|Any CPU
		{83F8925C-0733-4361-B786-9A83D521CF08}.Debug|Any CPU.Build.0 = Debug|Any CPU
		{83F8925C-0733-4361-B786-9A83D521CF08}.Debug|x64.ActiveCfg = Debug|Any CPU
		{83F8925C-0733-4361-B786-9A83D521CF08}.Debug|x64.Build.0 = Debug|Any CPU
		{83F8925C-0733-4361-B786-9A83D521CF08}.Release|Any CPU.ActiveCfg = Release|Any CPU
		{83F8925C-0733-4361-B786-9A83D521CF08}.Release|Any CPU.Build.0 = Release|Any CPU
		{83F8925C-0733-4361-B786-9A83D521CF08}.Release|x64.ActiveCfg = Release|Any CPU
		{83F8925C-0733-4361-B786-9A83D521CF08}.Release|x64.Build.0 = Release|Any CPU
		{620B653A-9A5D-4C7F-A99A-C5F5B25DDB44}.Debug|Any CPU.ActiveCfg = Debug|Any CPU
		{620B653A-9A5D-4C7F-A99A-C5F5B25DDB44}.Debug|Any CPU.Build.0 = Debug|Any CPU
		{620B653A-9A5D-4C7F-A99A-C5F5B25DDB44}.Debug|x64.ActiveCfg = Debug|Any CPU
		{620B653A-9A5D-4C7F-A99A-C5F5B25DDB44}.Debug|x64.Build.0 = Debug|Any CPU
		{620B653A-9A5D-4C7F-A99A-C5F5B25DDB44}.Release|Any CPU.ActiveCfg = Release|Any CPU
		{620B653A-9A5D-4C7F-A99A-C5F5B25DDB44}.Release|Any CPU.Build.0 = Release|Any CPU
		{620B653A-9A5D-4C7F-A99A-C5F5B25DDB44}.Release|x64.ActiveCfg = Release|Any CPU
		{620B653A-9A5D-4C7F-A99A-C5F5B25DDB44}.Release|x64.Build.0 = Release|Any CPU
		{65370EA2-7344-4313-8F5C-6CF5A5295825}.Debug|Any CPU.ActiveCfg = Debug|Any CPU
		{65370EA2-7344-4313-8F5C-6CF5A5295825}.Debug|Any CPU.Build.0 = Debug|Any CPU
		{65370EA2-7344-4313-8F5C-6CF5A5295825}.Debug|x64.ActiveCfg = Debug|Any CPU
		{65370EA2-7344-4313-8F5C-6CF5A5295825}.Debug|x64.Build.0 = Debug|Any CPU
		{65370EA2-7344-4313-8F5C-6CF5A5295825}.Release|Any CPU.ActiveCfg = Release|Any CPU
		{65370EA2-7344-4313-8F5C-6CF5A5295825}.Release|Any CPU.Build.0 = Release|Any CPU
		{65370EA2-7344-4313-8F5C-6CF5A5295825}.Release|x64.ActiveCfg = Release|Any CPU
		{65370EA2-7344-4313-8F5C-6CF5A5295825}.Release|x64.Build.0 = Release|Any CPU
		{FF2003E4-39FF-4267-A223-7C5F59096F0E}.Debug|Any CPU.ActiveCfg = Debug|Any CPU
		{FF2003E4-39FF-4267-A223-7C5F59096F0E}.Debug|Any CPU.Build.0 = Debug|Any CPU
		{FF2003E4-39FF-4267-A223-7C5F59096F0E}.Debug|x64.ActiveCfg = Debug|Any CPU
		{FF2003E4-39FF-4267-A223-7C5F59096F0E}.Debug|x64.Build.0 = Debug|Any CPU
		{FF2003E4-39FF-4267-A223-7C5F59096F0E}.Release|Any CPU.ActiveCfg = Release|Any CPU
		{FF2003E4-39FF-4267-A223-7C5F59096F0E}.Release|Any CPU.Build.0 = Release|Any CPU
		{FF2003E4-39FF-4267-A223-7C5F59096F0E}.Release|x64.ActiveCfg = Release|Any CPU
		{FF2003E4-39FF-4267-A223-7C5F59096F0E}.Release|x64.Build.0 = Release|Any CPU
		{0D087D28-77E7-4655-840E-2FDC330B6487}.Debug|Any CPU.ActiveCfg = Debug|Any CPU
		{0D087D28-77E7-4655-840E-2FDC330B6487}.Debug|Any CPU.Build.0 = Debug|Any CPU
		{0D087D28-77E7-4655-840E-2FDC330B6487}.Debug|x64.ActiveCfg = Debug|Any CPU
		{0D087D28-77E7-4655-840E-2FDC330B6487}.Debug|x64.Build.0 = Debug|Any CPU
		{0D087D28-77E7-4655-840E-2FDC330B6487}.Release|Any CPU.ActiveCfg = Release|Any CPU
		{0D087D28-77E7-4655-840E-2FDC330B6487}.Release|Any CPU.Build.0 = Release|Any CPU
		{0D087D28-77E7-4655-840E-2FDC330B6487}.Release|x64.ActiveCfg = Release|Any CPU
		{0D087D28-77E7-4655-840E-2FDC330B6487}.Release|x64.Build.0 = Release|Any CPU
		{8936952B-DCAF-430D-9F45-8BF19C8ACC50}.Debug|Any CPU.ActiveCfg = Debug|Any CPU
		{8936952B-DCAF-430D-9F45-8BF19C8ACC50}.Debug|Any CPU.Build.0 = Debug|Any CPU
		{8936952B-DCAF-430D-9F45-8BF19C8ACC50}.Debug|x64.ActiveCfg = Debug|Any CPU
		{8936952B-DCAF-430D-9F45-8BF19C8ACC50}.Debug|x64.Build.0 = Debug|Any CPU
		{8936952B-DCAF-430D-9F45-8BF19C8ACC50}.Release|Any CPU.ActiveCfg = Release|Any CPU
		{8936952B-DCAF-430D-9F45-8BF19C8ACC50}.Release|Any CPU.Build.0 = Release|Any CPU
		{8936952B-DCAF-430D-9F45-8BF19C8ACC50}.Release|x64.ActiveCfg = Release|Any CPU
		{8936952B-DCAF-430D-9F45-8BF19C8ACC50}.Release|x64.Build.0 = Release|Any CPU
		{69635B0E-ABFD-4E0F-AAE3-CE18ED2098EF}.Debug|Any CPU.ActiveCfg = Debug|Any CPU
		{69635B0E-ABFD-4E0F-AAE3-CE18ED2098EF}.Debug|Any CPU.Build.0 = Debug|Any CPU
		{69635B0E-ABFD-4E0F-AAE3-CE18ED2098EF}.Debug|x64.ActiveCfg = Debug|Any CPU
		{69635B0E-ABFD-4E0F-AAE3-CE18ED2098EF}.Debug|x64.Build.0 = Debug|Any CPU
		{69635B0E-ABFD-4E0F-AAE3-CE18ED2098EF}.Release|Any CPU.ActiveCfg = Release|Any CPU
		{69635B0E-ABFD-4E0F-AAE3-CE18ED2098EF}.Release|Any CPU.Build.0 = Release|Any CPU
		{69635B0E-ABFD-4E0F-AAE3-CE18ED2098EF}.Release|x64.ActiveCfg = Release|Any CPU
		{69635B0E-ABFD-4E0F-AAE3-CE18ED2098EF}.Release|x64.Build.0 = Release|Any CPU
		{FF0314C0-F0BD-438E-A302-2CD47B463CDE}.Debug|Any CPU.ActiveCfg = Debug|Any CPU
		{FF0314C0-F0BD-438E-A302-2CD47B463CDE}.Debug|Any CPU.Build.0 = Debug|Any CPU
		{FF0314C0-F0BD-438E-A302-2CD47B463CDE}.Debug|x64.ActiveCfg = Debug|Any CPU
		{FF0314C0-F0BD-438E-A302-2CD47B463CDE}.Debug|x64.Build.0 = Debug|Any CPU
		{FF0314C0-F0BD-438E-A302-2CD47B463CDE}.Release|Any CPU.ActiveCfg = Release|Any CPU
		{FF0314C0-F0BD-438E-A302-2CD47B463CDE}.Release|Any CPU.Build.0 = Release|Any CPU
		{FF0314C0-F0BD-438E-A302-2CD47B463CDE}.Release|x64.ActiveCfg = Release|Any CPU
		{FF0314C0-F0BD-438E-A302-2CD47B463CDE}.Release|x64.Build.0 = Release|Any CPU
		{7BB11978-544F-42D4-BFDD-98986BF36D53}.Debug|Any CPU.ActiveCfg = Debug|Any CPU
		{7BB11978-544F-42D4-BFDD-98986BF36D53}.Debug|Any CPU.Build.0 = Debug|Any CPU
		{7BB11978-544F-42D4-BFDD-98986BF36D53}.Debug|x64.ActiveCfg = Debug|Any CPU
		{7BB11978-544F-42D4-BFDD-98986BF36D53}.Debug|x64.Build.0 = Debug|Any CPU
		{7BB11978-544F-42D4-BFDD-98986BF36D53}.Release|Any CPU.ActiveCfg = Release|Any CPU
		{7BB11978-544F-42D4-BFDD-98986BF36D53}.Release|Any CPU.Build.0 = Release|Any CPU
		{7BB11978-544F-42D4-BFDD-98986BF36D53}.Release|x64.ActiveCfg = Release|Any CPU
		{7BB11978-544F-42D4-BFDD-98986BF36D53}.Release|x64.Build.0 = Release|Any CPU
		{76A3AFCC-CA09-46EC-BFCE-28CE858FE3C8}.Debug|Any CPU.ActiveCfg = Debug|Any CPU
		{76A3AFCC-CA09-46EC-BFCE-28CE858FE3C8}.Debug|Any CPU.Build.0 = Debug|Any CPU
		{76A3AFCC-CA09-46EC-BFCE-28CE858FE3C8}.Debug|x64.ActiveCfg = Debug|Any CPU
		{76A3AFCC-CA09-46EC-BFCE-28CE858FE3C8}.Debug|x64.Build.0 = Debug|Any CPU
		{76A3AFCC-CA09-46EC-BFCE-28CE858FE3C8}.Release|Any CPU.ActiveCfg = Release|Any CPU
		{76A3AFCC-CA09-46EC-BFCE-28CE858FE3C8}.Release|Any CPU.Build.0 = Release|Any CPU
		{76A3AFCC-CA09-46EC-BFCE-28CE858FE3C8}.Release|x64.ActiveCfg = Release|Any CPU
		{76A3AFCC-CA09-46EC-BFCE-28CE858FE3C8}.Release|x64.Build.0 = Release|Any CPU
		{9A2F61EF-213A-4FEE-B3A5-C8AFA8B919C7}.Debug|Any CPU.ActiveCfg = Debug|Any CPU
		{9A2F61EF-213A-4FEE-B3A5-C8AFA8B919C7}.Debug|Any CPU.Build.0 = Debug|Any CPU
		{9A2F61EF-213A-4FEE-B3A5-C8AFA8B919C7}.Debug|x64.ActiveCfg = Debug|Any CPU
		{9A2F61EF-213A-4FEE-B3A5-C8AFA8B919C7}.Debug|x64.Build.0 = Debug|Any CPU
		{9A2F61EF-213A-4FEE-B3A5-C8AFA8B919C7}.Release|Any CPU.ActiveCfg = Release|Any CPU
		{9A2F61EF-213A-4FEE-B3A5-C8AFA8B919C7}.Release|Any CPU.Build.0 = Release|Any CPU
		{9A2F61EF-213A-4FEE-B3A5-C8AFA8B919C7}.Release|x64.ActiveCfg = Release|Any CPU
		{9A2F61EF-213A-4FEE-B3A5-C8AFA8B919C7}.Release|x64.Build.0 = Release|Any CPU
		{4BB068EA-6421-4E81-81DC-3E8355D00412}.Debug|Any CPU.ActiveCfg = Debug|Any CPU
		{4BB068EA-6421-4E81-81DC-3E8355D00412}.Debug|Any CPU.Build.0 = Debug|Any CPU
		{4BB068EA-6421-4E81-81DC-3E8355D00412}.Debug|x64.ActiveCfg = Debug|Any CPU
		{4BB068EA-6421-4E81-81DC-3E8355D00412}.Debug|x64.Build.0 = Debug|Any CPU
		{4BB068EA-6421-4E81-81DC-3E8355D00412}.Release|Any CPU.ActiveCfg = Release|Any CPU
		{4BB068EA-6421-4E81-81DC-3E8355D00412}.Release|Any CPU.Build.0 = Release|Any CPU
		{4BB068EA-6421-4E81-81DC-3E8355D00412}.Release|x64.ActiveCfg = Release|Any CPU
		{4BB068EA-6421-4E81-81DC-3E8355D00412}.Release|x64.Build.0 = Release|Any CPU
		{F7220EF3-21BA-411D-A33B-95C0521426F2}.Debug|Any CPU.ActiveCfg = Debug|Any CPU
		{F7220EF3-21BA-411D-A33B-95C0521426F2}.Debug|Any CPU.Build.0 = Debug|Any CPU
		{F7220EF3-21BA-411D-A33B-95C0521426F2}.Debug|x64.ActiveCfg = Debug|Any CPU
		{F7220EF3-21BA-411D-A33B-95C0521426F2}.Debug|x64.Build.0 = Debug|Any CPU
		{F7220EF3-21BA-411D-A33B-95C0521426F2}.Release|Any CPU.ActiveCfg = Release|Any CPU
		{F7220EF3-21BA-411D-A33B-95C0521426F2}.Release|Any CPU.Build.0 = Release|Any CPU
		{F7220EF3-21BA-411D-A33B-95C0521426F2}.Release|x64.ActiveCfg = Release|Any CPU
		{F7220EF3-21BA-411D-A33B-95C0521426F2}.Release|x64.Build.0 = Release|Any CPU
		{EFF7E97C-4EE7-4235-81D6-1E180B2BAE5B}.Debug|Any CPU.ActiveCfg = Debug|Any CPU
		{EFF7E97C-4EE7-4235-81D6-1E180B2BAE5B}.Debug|Any CPU.Build.0 = Debug|Any CPU
		{EFF7E97C-4EE7-4235-81D6-1E180B2BAE5B}.Debug|x64.ActiveCfg = Debug|Any CPU
		{EFF7E97C-4EE7-4235-81D6-1E180B2BAE5B}.Debug|x64.Build.0 = Debug|Any CPU
		{EFF7E97C-4EE7-4235-81D6-1E180B2BAE5B}.Release|Any CPU.ActiveCfg = Release|Any CPU
		{EFF7E97C-4EE7-4235-81D6-1E180B2BAE5B}.Release|Any CPU.Build.0 = Release|Any CPU
		{EFF7E97C-4EE7-4235-81D6-1E180B2BAE5B}.Release|x64.ActiveCfg = Release|Any CPU
		{EFF7E97C-4EE7-4235-81D6-1E180B2BAE5B}.Release|x64.Build.0 = Release|Any CPU
		{B66F9B9B-0FCF-4922-A390-77224EBBF703}.Debug|Any CPU.ActiveCfg = Debug|Any CPU
		{B66F9B9B-0FCF-4922-A390-77224EBBF703}.Debug|Any CPU.Build.0 = Debug|Any CPU
		{B66F9B9B-0FCF-4922-A390-77224EBBF703}.Debug|x64.ActiveCfg = Debug|Any CPU
		{B66F9B9B-0FCF-4922-A390-77224EBBF703}.Debug|x64.Build.0 = Debug|Any CPU
		{B66F9B9B-0FCF-4922-A390-77224EBBF703}.Release|Any CPU.ActiveCfg = Release|Any CPU
		{B66F9B9B-0FCF-4922-A390-77224EBBF703}.Release|Any CPU.Build.0 = Release|Any CPU
		{B66F9B9B-0FCF-4922-A390-77224EBBF703}.Release|x64.ActiveCfg = Release|Any CPU
		{B66F9B9B-0FCF-4922-A390-77224EBBF703}.Release|x64.Build.0 = Release|Any CPU
		{44683A73-8463-41FB-9719-692A2624A351}.Debug|Any CPU.ActiveCfg = Debug|Any CPU
		{44683A73-8463-41FB-9719-692A2624A351}.Debug|Any CPU.Build.0 = Debug|Any CPU
		{44683A73-8463-41FB-9719-692A2624A351}.Debug|x64.ActiveCfg = Debug|Any CPU
		{44683A73-8463-41FB-9719-692A2624A351}.Debug|x64.Build.0 = Debug|Any CPU
		{44683A73-8463-41FB-9719-692A2624A351}.Release|Any CPU.ActiveCfg = Release|Any CPU
		{44683A73-8463-41FB-9719-692A2624A351}.Release|Any CPU.Build.0 = Release|Any CPU
		{44683A73-8463-41FB-9719-692A2624A351}.Release|x64.ActiveCfg = Release|Any CPU
		{44683A73-8463-41FB-9719-692A2624A351}.Release|x64.Build.0 = Release|Any CPU
		{0D3E5335-6FF3-41BD-82D7-50009BC30E75}.Debug|Any CPU.ActiveCfg = Debug|Any CPU
		{0D3E5335-6FF3-41BD-82D7-50009BC30E75}.Debug|Any CPU.Build.0 = Debug|Any CPU
		{0D3E5335-6FF3-41BD-82D7-50009BC30E75}.Debug|x64.ActiveCfg = Debug|Any CPU
		{0D3E5335-6FF3-41BD-82D7-50009BC30E75}.Debug|x64.Build.0 = Debug|Any CPU
		{0D3E5335-6FF3-41BD-82D7-50009BC30E75}.Release|Any CPU.ActiveCfg = Release|Any CPU
		{0D3E5335-6FF3-41BD-82D7-50009BC30E75}.Release|Any CPU.Build.0 = Release|Any CPU
		{0D3E5335-6FF3-41BD-82D7-50009BC30E75}.Release|x64.ActiveCfg = Release|Any CPU
		{0D3E5335-6FF3-41BD-82D7-50009BC30E75}.Release|x64.Build.0 = Release|Any CPU
		{98B713D8-3B0B-45F2-BDBE-496926DC1F2A}.Debug|Any CPU.ActiveCfg = Debug|Any CPU
		{98B713D8-3B0B-45F2-BDBE-496926DC1F2A}.Debug|Any CPU.Build.0 = Debug|Any CPU
		{98B713D8-3B0B-45F2-BDBE-496926DC1F2A}.Debug|x64.ActiveCfg = Debug|Any CPU
		{98B713D8-3B0B-45F2-BDBE-496926DC1F2A}.Debug|x64.Build.0 = Debug|Any CPU
		{98B713D8-3B0B-45F2-BDBE-496926DC1F2A}.Release|Any CPU.ActiveCfg = Release|Any CPU
		{98B713D8-3B0B-45F2-BDBE-496926DC1F2A}.Release|Any CPU.Build.0 = Release|Any CPU
		{98B713D8-3B0B-45F2-BDBE-496926DC1F2A}.Release|x64.ActiveCfg = Release|Any CPU
		{98B713D8-3B0B-45F2-BDBE-496926DC1F2A}.Release|x64.Build.0 = Release|Any CPU
		{EDA353D9-2193-4786-B821-A7746A44963F}.Debug|Any CPU.ActiveCfg = Debug|Any CPU
		{EDA353D9-2193-4786-B821-A7746A44963F}.Debug|Any CPU.Build.0 = Debug|Any CPU
		{EDA353D9-2193-4786-B821-A7746A44963F}.Debug|x64.ActiveCfg = Debug|Any CPU
		{EDA353D9-2193-4786-B821-A7746A44963F}.Debug|x64.Build.0 = Debug|Any CPU
		{EDA353D9-2193-4786-B821-A7746A44963F}.Release|Any CPU.ActiveCfg = Release|Any CPU
		{EDA353D9-2193-4786-B821-A7746A44963F}.Release|Any CPU.Build.0 = Release|Any CPU
		{EDA353D9-2193-4786-B821-A7746A44963F}.Release|x64.ActiveCfg = Release|Any CPU
		{EDA353D9-2193-4786-B821-A7746A44963F}.Release|x64.Build.0 = Release|Any CPU
		{D233CBF9-FF0E-4E3E-ACC5-8B1502DED5F2}.Debug|Any CPU.ActiveCfg = Debug|Any CPU
		{D233CBF9-FF0E-4E3E-ACC5-8B1502DED5F2}.Debug|Any CPU.Build.0 = Debug|Any CPU
		{D233CBF9-FF0E-4E3E-ACC5-8B1502DED5F2}.Debug|x64.ActiveCfg = Debug|Any CPU
		{D233CBF9-FF0E-4E3E-ACC5-8B1502DED5F2}.Debug|x64.Build.0 = Debug|Any CPU
		{D233CBF9-FF0E-4E3E-ACC5-8B1502DED5F2}.Release|Any CPU.ActiveCfg = Release|Any CPU
		{D233CBF9-FF0E-4E3E-ACC5-8B1502DED5F2}.Release|Any CPU.Build.0 = Release|Any CPU
		{D233CBF9-FF0E-4E3E-ACC5-8B1502DED5F2}.Release|x64.ActiveCfg = Release|Any CPU
		{D233CBF9-FF0E-4E3E-ACC5-8B1502DED5F2}.Release|x64.Build.0 = Release|Any CPU
		{E5C2DA45-8899-45FE-A10B-CD9A2DB072C6}.Debug|Any CPU.ActiveCfg = Debug|Any CPU
		{E5C2DA45-8899-45FE-A10B-CD9A2DB072C6}.Debug|Any CPU.Build.0 = Debug|Any CPU
		{E5C2DA45-8899-45FE-A10B-CD9A2DB072C6}.Debug|x64.ActiveCfg = Debug|Any CPU
		{E5C2DA45-8899-45FE-A10B-CD9A2DB072C6}.Debug|x64.Build.0 = Debug|Any CPU
		{E5C2DA45-8899-45FE-A10B-CD9A2DB072C6}.Release|Any CPU.ActiveCfg = Release|Any CPU
		{E5C2DA45-8899-45FE-A10B-CD9A2DB072C6}.Release|Any CPU.Build.0 = Release|Any CPU
		{E5C2DA45-8899-45FE-A10B-CD9A2DB072C6}.Release|x64.ActiveCfg = Release|Any CPU
		{E5C2DA45-8899-45FE-A10B-CD9A2DB072C6}.Release|x64.Build.0 = Release|Any CPU
		{21204138-63CC-4B3F-BDAB-01640B7C1B14}.Debug|Any CPU.ActiveCfg = Debug|Any CPU
		{21204138-63CC-4B3F-BDAB-01640B7C1B14}.Debug|Any CPU.Build.0 = Debug|Any CPU
		{21204138-63CC-4B3F-BDAB-01640B7C1B14}.Debug|x64.ActiveCfg = Debug|Any CPU
		{21204138-63CC-4B3F-BDAB-01640B7C1B14}.Debug|x64.Build.0 = Debug|Any CPU
		{21204138-63CC-4B3F-BDAB-01640B7C1B14}.Release|Any CPU.ActiveCfg = Release|Any CPU
		{21204138-63CC-4B3F-BDAB-01640B7C1B14}.Release|Any CPU.Build.0 = Release|Any CPU
		{21204138-63CC-4B3F-BDAB-01640B7C1B14}.Release|x64.ActiveCfg = Release|Any CPU
		{21204138-63CC-4B3F-BDAB-01640B7C1B14}.Release|x64.Build.0 = Release|Any CPU
		{97AB9E84-856C-43AD-8C5B-8E7C20F0FCFE}.Debug|Any CPU.ActiveCfg = Debug|Any CPU
		{97AB9E84-856C-43AD-8C5B-8E7C20F0FCFE}.Debug|Any CPU.Build.0 = Debug|Any CPU
		{97AB9E84-856C-43AD-8C5B-8E7C20F0FCFE}.Debug|x64.ActiveCfg = Debug|Any CPU
		{97AB9E84-856C-43AD-8C5B-8E7C20F0FCFE}.Debug|x64.Build.0 = Debug|Any CPU
		{97AB9E84-856C-43AD-8C5B-8E7C20F0FCFE}.Release|Any CPU.ActiveCfg = Release|Any CPU
		{97AB9E84-856C-43AD-8C5B-8E7C20F0FCFE}.Release|Any CPU.Build.0 = Release|Any CPU
		{97AB9E84-856C-43AD-8C5B-8E7C20F0FCFE}.Release|x64.ActiveCfg = Release|Any CPU
		{97AB9E84-856C-43AD-8C5B-8E7C20F0FCFE}.Release|x64.Build.0 = Release|Any CPU
		{A084038F-980F-4995-89C8-28D773B6A06D}.Debug|Any CPU.ActiveCfg = Debug|Any CPU
		{A084038F-980F-4995-89C8-28D773B6A06D}.Debug|Any CPU.Build.0 = Debug|Any CPU
		{A084038F-980F-4995-89C8-28D773B6A06D}.Debug|x64.ActiveCfg = Debug|Any CPU
		{A084038F-980F-4995-89C8-28D773B6A06D}.Debug|x64.Build.0 = Debug|Any CPU
		{A084038F-980F-4995-89C8-28D773B6A06D}.Release|Any CPU.ActiveCfg = Release|Any CPU
		{A084038F-980F-4995-89C8-28D773B6A06D}.Release|Any CPU.Build.0 = Release|Any CPU
		{A084038F-980F-4995-89C8-28D773B6A06D}.Release|x64.ActiveCfg = Release|Any CPU
		{A084038F-980F-4995-89C8-28D773B6A06D}.Release|x64.Build.0 = Release|Any CPU
		{135DD2EE-A841-4831-8B75-13CD5AA7B473}.Debug|Any CPU.ActiveCfg = Debug|Any CPU
		{135DD2EE-A841-4831-8B75-13CD5AA7B473}.Debug|Any CPU.Build.0 = Debug|Any CPU
		{135DD2EE-A841-4831-8B75-13CD5AA7B473}.Debug|x64.ActiveCfg = Debug|Any CPU
		{135DD2EE-A841-4831-8B75-13CD5AA7B473}.Debug|x64.Build.0 = Debug|Any CPU
		{135DD2EE-A841-4831-8B75-13CD5AA7B473}.Release|Any CPU.ActiveCfg = Release|Any CPU
		{135DD2EE-A841-4831-8B75-13CD5AA7B473}.Release|Any CPU.Build.0 = Release|Any CPU
		{135DD2EE-A841-4831-8B75-13CD5AA7B473}.Release|x64.ActiveCfg = Release|Any CPU
		{135DD2EE-A841-4831-8B75-13CD5AA7B473}.Release|x64.Build.0 = Release|Any CPU
		{15D69CF0-C17E-42F2-A043-041753F64E90}.Debug|Any CPU.ActiveCfg = Debug|Any CPU
		{15D69CF0-C17E-42F2-A043-041753F64E90}.Debug|Any CPU.Build.0 = Debug|Any CPU
		{15D69CF0-C17E-42F2-A043-041753F64E90}.Debug|x64.ActiveCfg = Debug|Any CPU
		{15D69CF0-C17E-42F2-A043-041753F64E90}.Debug|x64.Build.0 = Debug|Any CPU
		{15D69CF0-C17E-42F2-A043-041753F64E90}.Release|Any CPU.ActiveCfg = Release|Any CPU
		{15D69CF0-C17E-42F2-A043-041753F64E90}.Release|Any CPU.Build.0 = Release|Any CPU
		{15D69CF0-C17E-42F2-A043-041753F64E90}.Release|x64.ActiveCfg = Release|Any CPU
		{15D69CF0-C17E-42F2-A043-041753F64E90}.Release|x64.Build.0 = Release|Any CPU
		{EE9BB3A1-B29A-4C2F-822B-FC2263DED4E4}.Debug|Any CPU.ActiveCfg = Debug|Any CPU
		{EE9BB3A1-B29A-4C2F-822B-FC2263DED4E4}.Debug|Any CPU.Build.0 = Debug|Any CPU
		{EE9BB3A1-B29A-4C2F-822B-FC2263DED4E4}.Debug|x64.ActiveCfg = Debug|Any CPU
		{EE9BB3A1-B29A-4C2F-822B-FC2263DED4E4}.Debug|x64.Build.0 = Debug|Any CPU
		{EE9BB3A1-B29A-4C2F-822B-FC2263DED4E4}.Release|Any CPU.ActiveCfg = Release|Any CPU
		{EE9BB3A1-B29A-4C2F-822B-FC2263DED4E4}.Release|Any CPU.Build.0 = Release|Any CPU
		{EE9BB3A1-B29A-4C2F-822B-FC2263DED4E4}.Release|x64.ActiveCfg = Release|Any CPU
		{EE9BB3A1-B29A-4C2F-822B-FC2263DED4E4}.Release|x64.Build.0 = Release|Any CPU
		{4C1DA419-BA71-4824-B077-C2BEF157C245}.Debug|Any CPU.ActiveCfg = Debug|Any CPU
		{4C1DA419-BA71-4824-B077-C2BEF157C245}.Debug|Any CPU.Build.0 = Debug|Any CPU
		{4C1DA419-BA71-4824-B077-C2BEF157C245}.Debug|x64.ActiveCfg = Debug|Any CPU
		{4C1DA419-BA71-4824-B077-C2BEF157C245}.Debug|x64.Build.0 = Debug|Any CPU
		{4C1DA419-BA71-4824-B077-C2BEF157C245}.Release|Any CPU.ActiveCfg = Release|Any CPU
		{4C1DA419-BA71-4824-B077-C2BEF157C245}.Release|Any CPU.Build.0 = Release|Any CPU
		{4C1DA419-BA71-4824-B077-C2BEF157C245}.Release|x64.ActiveCfg = Release|Any CPU
		{4C1DA419-BA71-4824-B077-C2BEF157C245}.Release|x64.Build.0 = Release|Any CPU
		{9066801C-1238-4F9D-85A8-697A764B3DF1}.Debug|Any CPU.ActiveCfg = Debug|Any CPU
		{9066801C-1238-4F9D-85A8-697A764B3DF1}.Debug|Any CPU.Build.0 = Debug|Any CPU
		{9066801C-1238-4F9D-85A8-697A764B3DF1}.Debug|x64.ActiveCfg = Debug|Any CPU
		{9066801C-1238-4F9D-85A8-697A764B3DF1}.Debug|x64.Build.0 = Debug|Any CPU
		{9066801C-1238-4F9D-85A8-697A764B3DF1}.Release|Any CPU.ActiveCfg = Release|Any CPU
		{9066801C-1238-4F9D-85A8-697A764B3DF1}.Release|Any CPU.Build.0 = Release|Any CPU
		{9066801C-1238-4F9D-85A8-697A764B3DF1}.Release|x64.ActiveCfg = Release|Any CPU
		{9066801C-1238-4F9D-85A8-697A764B3DF1}.Release|x64.Build.0 = Release|Any CPU
		{1B184E8C-BC06-45D4-A4DD-80BB25E74E6E}.Debug|Any CPU.ActiveCfg = Debug|Any CPU
		{1B184E8C-BC06-45D4-A4DD-80BB25E74E6E}.Debug|Any CPU.Build.0 = Debug|Any CPU
		{1B184E8C-BC06-45D4-A4DD-80BB25E74E6E}.Debug|x64.ActiveCfg = Debug|Any CPU
		{1B184E8C-BC06-45D4-A4DD-80BB25E74E6E}.Debug|x64.Build.0 = Debug|Any CPU
		{1B184E8C-BC06-45D4-A4DD-80BB25E74E6E}.Release|Any CPU.ActiveCfg = Release|Any CPU
		{1B184E8C-BC06-45D4-A4DD-80BB25E74E6E}.Release|Any CPU.Build.0 = Release|Any CPU
		{1B184E8C-BC06-45D4-A4DD-80BB25E74E6E}.Release|x64.ActiveCfg = Release|Any CPU
		{1B184E8C-BC06-45D4-A4DD-80BB25E74E6E}.Release|x64.Build.0 = Release|Any CPU
		{E49F83A2-6D2B-4534-9C5A-6C156B5EF6B4}.Debug|Any CPU.ActiveCfg = Debug|Any CPU
		{E49F83A2-6D2B-4534-9C5A-6C156B5EF6B4}.Debug|Any CPU.Build.0 = Debug|Any CPU
		{E49F83A2-6D2B-4534-9C5A-6C156B5EF6B4}.Debug|x64.ActiveCfg = Debug|Any CPU
		{E49F83A2-6D2B-4534-9C5A-6C156B5EF6B4}.Debug|x64.Build.0 = Debug|Any CPU
		{E49F83A2-6D2B-4534-9C5A-6C156B5EF6B4}.Release|Any CPU.ActiveCfg = Release|Any CPU
		{E49F83A2-6D2B-4534-9C5A-6C156B5EF6B4}.Release|Any CPU.Build.0 = Release|Any CPU
		{E49F83A2-6D2B-4534-9C5A-6C156B5EF6B4}.Release|x64.ActiveCfg = Release|Any CPU
		{E49F83A2-6D2B-4534-9C5A-6C156B5EF6B4}.Release|x64.Build.0 = Release|Any CPU
		{45976480-AEE9-4D06-9941-F46D859C90DB}.Debug|Any CPU.ActiveCfg = Debug|Any CPU
		{45976480-AEE9-4D06-9941-F46D859C90DB}.Debug|Any CPU.Build.0 = Debug|Any CPU
		{45976480-AEE9-4D06-9941-F46D859C90DB}.Debug|x64.ActiveCfg = Debug|Any CPU
		{45976480-AEE9-4D06-9941-F46D859C90DB}.Debug|x64.Build.0 = Debug|Any CPU
		{45976480-AEE9-4D06-9941-F46D859C90DB}.Release|Any CPU.ActiveCfg = Release|Any CPU
		{45976480-AEE9-4D06-9941-F46D859C90DB}.Release|Any CPU.Build.0 = Release|Any CPU
		{45976480-AEE9-4D06-9941-F46D859C90DB}.Release|x64.ActiveCfg = Release|Any CPU
		{45976480-AEE9-4D06-9941-F46D859C90DB}.Release|x64.Build.0 = Release|Any CPU
		{5D28154B-4CE3-4E9C-B64E-E08658BBD02E}.Debug|Any CPU.ActiveCfg = Debug|Any CPU
		{5D28154B-4CE3-4E9C-B64E-E08658BBD02E}.Debug|Any CPU.Build.0 = Debug|Any CPU
		{5D28154B-4CE3-4E9C-B64E-E08658BBD02E}.Debug|x64.ActiveCfg = Debug|Any CPU
		{5D28154B-4CE3-4E9C-B64E-E08658BBD02E}.Debug|x64.Build.0 = Debug|Any CPU
		{5D28154B-4CE3-4E9C-B64E-E08658BBD02E}.Release|Any CPU.ActiveCfg = Release|Any CPU
		{5D28154B-4CE3-4E9C-B64E-E08658BBD02E}.Release|Any CPU.Build.0 = Release|Any CPU
		{5D28154B-4CE3-4E9C-B64E-E08658BBD02E}.Release|x64.ActiveCfg = Release|Any CPU
		{5D28154B-4CE3-4E9C-B64E-E08658BBD02E}.Release|x64.Build.0 = Release|Any CPU
		{0E3C9BFE-64D9-412F-AA9D-1D44E062FF6E}.Debug|Any CPU.ActiveCfg = Debug|Any CPU
		{0E3C9BFE-64D9-412F-AA9D-1D44E062FF6E}.Debug|Any CPU.Build.0 = Debug|Any CPU
		{0E3C9BFE-64D9-412F-AA9D-1D44E062FF6E}.Debug|x64.ActiveCfg = Debug|Any CPU
		{0E3C9BFE-64D9-412F-AA9D-1D44E062FF6E}.Debug|x64.Build.0 = Debug|Any CPU
		{0E3C9BFE-64D9-412F-AA9D-1D44E062FF6E}.Release|Any CPU.ActiveCfg = Release|Any CPU
		{0E3C9BFE-64D9-412F-AA9D-1D44E062FF6E}.Release|Any CPU.Build.0 = Release|Any CPU
		{0E3C9BFE-64D9-412F-AA9D-1D44E062FF6E}.Release|x64.ActiveCfg = Release|Any CPU
		{0E3C9BFE-64D9-412F-AA9D-1D44E062FF6E}.Release|x64.Build.0 = Release|Any CPU
		{AF5293D6-8F89-4C10-A4A5-D5957817F9F5}.Debug|Any CPU.ActiveCfg = Debug|Any CPU
		{AF5293D6-8F89-4C10-A4A5-D5957817F9F5}.Debug|Any CPU.Build.0 = Debug|Any CPU
		{AF5293D6-8F89-4C10-A4A5-D5957817F9F5}.Debug|x64.ActiveCfg = Debug|Any CPU
		{AF5293D6-8F89-4C10-A4A5-D5957817F9F5}.Debug|x64.Build.0 = Debug|Any CPU
		{AF5293D6-8F89-4C10-A4A5-D5957817F9F5}.Release|Any CPU.ActiveCfg = Release|Any CPU
		{AF5293D6-8F89-4C10-A4A5-D5957817F9F5}.Release|Any CPU.Build.0 = Release|Any CPU
		{AF5293D6-8F89-4C10-A4A5-D5957817F9F5}.Release|x64.ActiveCfg = Release|Any CPU
		{AF5293D6-8F89-4C10-A4A5-D5957817F9F5}.Release|x64.Build.0 = Release|Any CPU
		{E0221B48-3073-4A8D-83A1-3D6531755AEA}.Debug|Any CPU.ActiveCfg = Debug|Any CPU
		{E0221B48-3073-4A8D-83A1-3D6531755AEA}.Debug|Any CPU.Build.0 = Debug|Any CPU
		{E0221B48-3073-4A8D-83A1-3D6531755AEA}.Debug|x64.ActiveCfg = Debug|Any CPU
		{E0221B48-3073-4A8D-83A1-3D6531755AEA}.Debug|x64.Build.0 = Debug|Any CPU
		{E0221B48-3073-4A8D-83A1-3D6531755AEA}.Release|Any CPU.ActiveCfg = Release|Any CPU
		{E0221B48-3073-4A8D-83A1-3D6531755AEA}.Release|Any CPU.Build.0 = Release|Any CPU
		{E0221B48-3073-4A8D-83A1-3D6531755AEA}.Release|x64.ActiveCfg = Release|Any CPU
		{E0221B48-3073-4A8D-83A1-3D6531755AEA}.Release|x64.Build.0 = Release|Any CPU
	EndGlobalSection
	GlobalSection(SolutionProperties) = preSolution
		HideSolutionNode = FALSE
	EndGlobalSection
	GlobalSection(NestedProjects) = preSolution
		{C9B8EAF7-6926-4A9F-BD70-952201D69AED} = {95BAD5E5-2EEF-4E1D-92DB-FFCA642AAE6F}
		{AA8DC97F-783D-4F9B-BDA1-1FDFD77BB9BD} = {95BAD5E5-2EEF-4E1D-92DB-FFCA642AAE6F}
		{14336515-74D3-4759-9885-B01DECF31009} = {50B07942-A88E-4233-B8BE-7960B9E71406}
		{CD7EDEE1-1D9B-4EB2-9A7D-2C5193AE47C9} = {50B07942-A88E-4233-B8BE-7960B9E71406}
		{BA44AC14-1199-4E53-B95D-950342C0786D} = {640AF7D4-4F30-4611-A11D-6A3F3BF3D7A8}
		{28F2211B-7491-47FC-A758-95BF396EE2E8} = {A54E996F-5876-4595-8E8F-19B64016C2C5}
		{B417964D-BE3C-40A7-B9CA-1D75AFDEAB3D} = {28F2211B-7491-47FC-A758-95BF396EE2E8}
		{BD4BD1FF-4B37-49B8-82A7-326FA67E4DCF} = {28F2211B-7491-47FC-A758-95BF396EE2E8}
		{446D6627-7E81-4C13-A350-8FF82908DCF3} = {28F2211B-7491-47FC-A758-95BF396EE2E8}
		{C1379BB7-286D-4AAF-961A-7CC121208945} = {A54E996F-5876-4595-8E8F-19B64016C2C5}
		{BD35667E-8C1F-4E27-BEEA-7316EEF56143} = {C1379BB7-286D-4AAF-961A-7CC121208945}
		{D25444D5-CFF6-41AB-A116-B9870367B57A} = {C1379BB7-286D-4AAF-961A-7CC121208945}
		{3B8413EC-5479-45B0-B030-056D6258A869} = {C1379BB7-286D-4AAF-961A-7CC121208945}
		{E7B0C803-EDE3-4E86-BA77-AA1247452288} = {C1379BB7-286D-4AAF-961A-7CC121208945}
		{E4AE7E0D-4032-4CB8-88D3-5A73D28DC013} = {1B2AB816-B057-44F5-AE95-50F10538E6E1}
		{1B2AB816-B057-44F5-AE95-50F10538E6E1} = {A54E996F-5876-4595-8E8F-19B64016C2C5}
		{F60EE5C9-A71E-4133-9552-671949BAA40E} = {1B2AB816-B057-44F5-AE95-50F10538E6E1}
		{4840932B-6F67-4908-920F-D89BB041337F} = {1B2AB816-B057-44F5-AE95-50F10538E6E1}
		{C38CFA9E-2B9A-4319-8821-0B6DB3C40E21} = {6212E19F-2D94-4EE5-9AEF-DACDBB738259}
		{E5E37DD2-94CA-486B-A24A-BE331B2AA7EC} = {C38CFA9E-2B9A-4319-8821-0B6DB3C40E21}
		{F24BF526-714A-47CD-B433-F5102AE57E8B} = {C38CFA9E-2B9A-4319-8821-0B6DB3C40E21}
		{E99F3ECF-9BA2-4DB9-A2C0-7B9F5BB28AF4} = {6212E19F-2D94-4EE5-9AEF-DACDBB738259}
		{908CD9FE-AD98-4B61-8CD1-C7057F7214B5} = {E99F3ECF-9BA2-4DB9-A2C0-7B9F5BB28AF4}
		{FF88F541-47BF-4A45-9F67-2B197D20C91A} = {E99F3ECF-9BA2-4DB9-A2C0-7B9F5BB28AF4}
		{9315D4D0-BBCF-443E-944C-8ACC342B04D7} = {E99F3ECF-9BA2-4DB9-A2C0-7B9F5BB28AF4}
		{1A5D4FE9-636C-4BD3-81B3-E1DBAD3AE76B} = {E99F3ECF-9BA2-4DB9-A2C0-7B9F5BB28AF4}
		{94EFECF5-E62C-418F-B6BC-01153D6B9E4C} = {E99F3ECF-9BA2-4DB9-A2C0-7B9F5BB28AF4}
		{FCD4B6BC-CCA7-42A1-984F-073EE4E03097} = {6212E19F-2D94-4EE5-9AEF-DACDBB738259}
		{A021C2C5-8923-45D1-B101-DE2F053FFA74} = {FCD4B6BC-CCA7-42A1-984F-073EE4E03097}
		{81802EF0-AE9D-43E8-AABE-36BBE79D3D9C} = {FCD4B6BC-CCA7-42A1-984F-073EE4E03097}
		{93F43D7B-2D33-451D-85B0-7C612CF8A3E7} = {FCD4B6BC-CCA7-42A1-984F-073EE4E03097}
		{F79A6930-6953-4C18-9488-4D577C62DD96} = {FCD4B6BC-CCA7-42A1-984F-073EE4E03097}
		{7B642CDB-11E3-480E-B9F3-D96ACD8F9057} = {FCD4B6BC-CCA7-42A1-984F-073EE4E03097}
		{C45CF126-1595-4972-A0B8-4B4EB01505C3} = {FCD4B6BC-CCA7-42A1-984F-073EE4E03097}
		{E256BD8C-3B33-4601-B242-265BB9D59EFD} = {FCD4B6BC-CCA7-42A1-984F-073EE4E03097}
		{784DD8CC-6B0E-4A72-A3E2-4857B094CBA9} = {FCD4B6BC-CCA7-42A1-984F-073EE4E03097}
		{83F8925C-0733-4361-B786-9A83D521CF08} = {FCD4B6BC-CCA7-42A1-984F-073EE4E03097}
		{96AF6690-2E4E-4BFA-B95D-F7CB54C1F7A4} = {6212E19F-2D94-4EE5-9AEF-DACDBB738259}
		{620B653A-9A5D-4C7F-A99A-C5F5B25DDB44} = {96AF6690-2E4E-4BFA-B95D-F7CB54C1F7A4}
		{65370EA2-7344-4313-8F5C-6CF5A5295825} = {96AF6690-2E4E-4BFA-B95D-F7CB54C1F7A4}
		{A691F9F0-E0BD-4233-A13B-DEA97A06E381} = {6212E19F-2D94-4EE5-9AEF-DACDBB738259}
		{FF2003E4-39FF-4267-A223-7C5F59096F0E} = {A691F9F0-E0BD-4233-A13B-DEA97A06E381}
		{D7E142D2-9DFE-415A-95F7-DAE42E69221D} = {6212E19F-2D94-4EE5-9AEF-DACDBB738259}
		{0D087D28-77E7-4655-840E-2FDC330B6487} = {D7E142D2-9DFE-415A-95F7-DAE42E69221D}
		{8936952B-DCAF-430D-9F45-8BF19C8ACC50} = {D7E142D2-9DFE-415A-95F7-DAE42E69221D}
		{69635B0E-ABFD-4E0F-AAE3-CE18ED2098EF} = {D7E142D2-9DFE-415A-95F7-DAE42E69221D}
		{5F055153-C9E4-4C91-9A4D-2AFD50999843} = {6212E19F-2D94-4EE5-9AEF-DACDBB738259}
		{FF0314C0-F0BD-438E-A302-2CD47B463CDE} = {5F055153-C9E4-4C91-9A4D-2AFD50999843}
		{7BB11978-544F-42D4-BFDD-98986BF36D53} = {5F055153-C9E4-4C91-9A4D-2AFD50999843}
		{E6A7E5E3-502A-4208-8E5A-A1E402D96586} = {6212E19F-2D94-4EE5-9AEF-DACDBB738259}
		{76A3AFCC-CA09-46EC-BFCE-28CE858FE3C8} = {E6A7E5E3-502A-4208-8E5A-A1E402D96586}
		{9A2F61EF-213A-4FEE-B3A5-C8AFA8B919C7} = {E6A7E5E3-502A-4208-8E5A-A1E402D96586}
		{4BB068EA-6421-4E81-81DC-3E8355D00412} = {BB40B328-34FB-45E4-8204-A427DF0424AB}
		{F7220EF3-21BA-411D-A33B-95C0521426F2} = {BB40B328-34FB-45E4-8204-A427DF0424AB}
		{EFF7E97C-4EE7-4235-81D6-1E180B2BAE5B} = {BB40B328-34FB-45E4-8204-A427DF0424AB}
		{B66F9B9B-0FCF-4922-A390-77224EBBF703} = {E99F3ECF-9BA2-4DB9-A2C0-7B9F5BB28AF4}
		{44683A73-8463-41FB-9719-692A2624A351} = {C38CFA9E-2B9A-4319-8821-0B6DB3C40E21}
		{50B07942-A88E-4233-B8BE-7960B9E71406} = {8534F4F2-BDBB-4B4C-A242-5BFB7C9D6D2F}
		{640AF7D4-4F30-4611-A11D-6A3F3BF3D7A8} = {8534F4F2-BDBB-4B4C-A242-5BFB7C9D6D2F}
		{0D3E5335-6FF3-41BD-82D7-50009BC30E75} = {28F2211B-7491-47FC-A758-95BF396EE2E8}
		{98B713D8-3B0B-45F2-BDBE-496926DC1F2A} = {D7E142D2-9DFE-415A-95F7-DAE42E69221D}
		{EDA353D9-2193-4786-B821-A7746A44963F} = {D7E142D2-9DFE-415A-95F7-DAE42E69221D}
		{D233CBF9-FF0E-4E3E-ACC5-8B1502DED5F2} = {D7E142D2-9DFE-415A-95F7-DAE42E69221D}
		{E5C2DA45-8899-45FE-A10B-CD9A2DB072C6} = {D7E142D2-9DFE-415A-95F7-DAE42E69221D}
		{21204138-63CC-4B3F-BDAB-01640B7C1B14} = {D7E142D2-9DFE-415A-95F7-DAE42E69221D}
		{97AB9E84-856C-43AD-8C5B-8E7C20F0FCFE} = {E99F3ECF-9BA2-4DB9-A2C0-7B9F5BB28AF4}
		{A084038F-980F-4995-89C8-28D773B6A06D} = {5F055153-C9E4-4C91-9A4D-2AFD50999843}
		{135DD2EE-A841-4831-8B75-13CD5AA7B473} = {5F055153-C9E4-4C91-9A4D-2AFD50999843}
		{15D69CF0-C17E-42F2-A043-041753F64E90} = {5F055153-C9E4-4C91-9A4D-2AFD50999843}
		{EE9BB3A1-B29A-4C2F-822B-FC2263DED4E4} = {5F055153-C9E4-4C91-9A4D-2AFD50999843}
		{4C1DA419-BA71-4824-B077-C2BEF157C245} = {28F2211B-7491-47FC-A758-95BF396EE2E8}
		{9066801C-1238-4F9D-85A8-697A764B3DF1} = {28F2211B-7491-47FC-A758-95BF396EE2E8}
		{1B184E8C-BC06-45D4-A4DD-80BB25E74E6E} = {B76E217C-089D-4777-8BC1-53B648F8AF25}
		{E49F83A2-6D2B-4534-9C5A-6C156B5EF6B4} = {E99F3ECF-9BA2-4DB9-A2C0-7B9F5BB28AF4}
		{45976480-AEE9-4D06-9941-F46D859C90DB} = {C38CFA9E-2B9A-4319-8821-0B6DB3C40E21}
		{5D28154B-4CE3-4E9C-B64E-E08658BBD02E} = {C38CFA9E-2B9A-4319-8821-0B6DB3C40E21}
		{0E3C9BFE-64D9-412F-AA9D-1D44E062FF6E} = {C38CFA9E-2B9A-4319-8821-0B6DB3C40E21}
		{AF5293D6-8F89-4C10-A4A5-D5957817F9F5} = {C1379BB7-286D-4AAF-961A-7CC121208945}
		{E0221B48-3073-4A8D-83A1-3D6531755AEA} = {E6A7E5E3-502A-4208-8E5A-A1E402D96586}
	EndGlobalSection
	GlobalSection(ExtensibilityGlobals) = postSolution
		SolutionGuid = {342A7422-A957-456D-9132-D532B687969D}
	EndGlobalSection
EndGlobal
